// !$*UTF8*$!
{
	archiveVersion = 1;
	classes = {
	};
	objectVersion = 50;
	objects = {

/* Begin PBXBuildFile section */
		47CAE5B6237EBAB900E74D07 /* AppDelegate.swift in Sources */ = {isa = PBXBuildFile; fileRef = 47CAE5B5237EBAB900E74D07 /* AppDelegate.swift */; };
		47CAE5B8237EBAB900E74D07 /* SceneDelegate.swift in Sources */ = {isa = PBXBuildFile; fileRef = 47CAE5B7237EBAB900E74D07 /* SceneDelegate.swift */; };
		47CAE5BA237EBAB900E74D07 /* ViewController.swift in Sources */ = {isa = PBXBuildFile; fileRef = 47CAE5B9237EBAB900E74D07 /* ViewController.swift */; };
		47CAE5BD237EBAB900E74D07 /* Main.storyboard in Resources */ = {isa = PBXBuildFile; fileRef = 47CAE5BB237EBAB900E74D07 /* Main.storyboard */; };
		47CAE5BF237EBABB00E74D07 /* Assets.xcassets in Resources */ = {isa = PBXBuildFile; fileRef = 47CAE5BE237EBABB00E74D07 /* Assets.xcassets */; };
		47CAE5C2237EBABB00E74D07 /* LaunchScreen.storyboard in Resources */ = {isa = PBXBuildFile; fileRef = 47CAE5C0237EBABB00E74D07 /* LaunchScreen.storyboard */; };
		47CAE5CD237EBABB00E74D07 /* RxSwift_Study_01Tests.swift in Sources */ = {isa = PBXBuildFile; fileRef = 47CAE5CC237EBABB00E74D07 /* RxSwift_Study_01Tests.swift */; };
		47CAE5D8237EBABB00E74D07 /* RxSwift_Study_01UITests.swift in Sources */ = {isa = PBXBuildFile; fileRef = 47CAE5D7237EBABB00E74D07 /* RxSwift_Study_01UITests.swift */; };
		52EFA4E0D3677221A53B2FEF /* Pods_RxSwift_Study_01Tests.framework in Frameworks */ = {isa = PBXBuildFile; fileRef = 1FD7E0906EFD8D406060B34C /* Pods_RxSwift_Study_01Tests.framework */; };
		D0C3EBCBB2E2C1783DAE6DE6 /* Pods_RxSwift_Study_01_RxSwift_Study_01UITests.framework in Frameworks */ = {isa = PBXBuildFile; fileRef = A97ABDE3656D1588167C622A /* Pods_RxSwift_Study_01_RxSwift_Study_01UITests.framework */; };
		EA7652E3AA41F0C08E93A583 /* Pods_RxSwift_Study_01.framework in Frameworks */ = {isa = PBXBuildFile; fileRef = 0F71AF13C741C2D31FB46657 /* Pods_RxSwift_Study_01.framework */; };
/* End PBXBuildFile section */

/* Begin PBXContainerItemProxy section */
		47CAE5C9237EBABB00E74D07 /* PBXContainerItemProxy */ = {
			isa = PBXContainerItemProxy;
			containerPortal = 47CAE5AA237EBAB900E74D07 /* Project object */;
			proxyType = 1;
			remoteGlobalIDString = 47CAE5B1237EBAB900E74D07;
			remoteInfo = RxSwift_Study_01;
		};
		47CAE5D4237EBABB00E74D07 /* PBXContainerItemProxy */ = {
			isa = PBXContainerItemProxy;
			containerPortal = 47CAE5AA237EBAB900E74D07 /* Project object */;
			proxyType = 1;
			remoteGlobalIDString = 47CAE5B1237EBAB900E74D07;
			remoteInfo = RxSwift_Study_01;
		};
/* End PBXContainerItemProxy section */

/* Begin PBXFileReference section */
		0F71AF13C741C2D31FB46657 /* Pods_RxSwift_Study_01.framework */ = {isa = PBXFileReference; explicitFileType = wrapper.framework; includeInIndex = 0; path = Pods_RxSwift_Study_01.framework; sourceTree = BUILT_PRODUCTS_DIR; };
		16DB0FF11941A5BE0FF17ED4 /* Pods-RxSwift_Study_01Tests.release.xcconfig */ = {isa = PBXFileReference; includeInIndex = 1; lastKnownFileType = text.xcconfig; name = "Pods-RxSwift_Study_01Tests.release.xcconfig"; path = "Target Support Files/Pods-RxSwift_Study_01Tests/Pods-RxSwift_Study_01Tests.release.xcconfig"; sourceTree = "<group>"; };
		1FD7E0906EFD8D406060B34C /* Pods_RxSwift_Study_01Tests.framework */ = {isa = PBXFileReference; explicitFileType = wrapper.framework; includeInIndex = 0; path = Pods_RxSwift_Study_01Tests.framework; sourceTree = BUILT_PRODUCTS_DIR; };
		35AD12B2D0BE47F559B2C599 /* Pods-RxSwift_Study_01.debug.xcconfig */ = {isa = PBXFileReference; includeInIndex = 1; lastKnownFileType = text.xcconfig; name = "Pods-RxSwift_Study_01.debug.xcconfig"; path = "Target Support Files/Pods-RxSwift_Study_01/Pods-RxSwift_Study_01.debug.xcconfig"; sourceTree = "<group>"; };
		47CAE5B2237EBAB900E74D07 /* RxSwift_Study_01.app */ = {isa = PBXFileReference; explicitFileType = wrapper.application; includeInIndex = 0; path = RxSwift_Study_01.app; sourceTree = BUILT_PRODUCTS_DIR; };
		47CAE5B5237EBAB900E74D07 /* AppDelegate.swift */ = {isa = PBXFileReference; lastKnownFileType = sourcecode.swift; path = AppDelegate.swift; sourceTree = "<group>"; };
		47CAE5B7237EBAB900E74D07 /* SceneDelegate.swift */ = {isa = PBXFileReference; lastKnownFileType = sourcecode.swift; path = SceneDelegate.swift; sourceTree = "<group>"; };
		47CAE5B9237EBAB900E74D07 /* ViewController.swift */ = {isa = PBXFileReference; lastKnownFileType = sourcecode.swift; path = ViewController.swift; sourceTree = "<group>"; };
		47CAE5BC237EBAB900E74D07 /* Base */ = {isa = PBXFileReference; lastKnownFileType = file.storyboard; name = Base; path = Base.lproj/Main.storyboard; sourceTree = "<group>"; };
		47CAE5BE237EBABB00E74D07 /* Assets.xcassets */ = {isa = PBXFileReference; lastKnownFileType = folder.assetcatalog; path = Assets.xcassets; sourceTree = "<group>"; };
		47CAE5C1237EBABB00E74D07 /* Base */ = {isa = PBXFileReference; lastKnownFileType = file.storyboard; name = Base; path = Base.lproj/LaunchScreen.storyboard; sourceTree = "<group>"; };
		47CAE5C3237EBABB00E74D07 /* Info.plist */ = {isa = PBXFileReference; lastKnownFileType = text.plist.xml; path = Info.plist; sourceTree = "<group>"; };
		47CAE5C8237EBABB00E74D07 /* RxSwift_Study_01Tests.xctest */ = {isa = PBXFileReference; explicitFileType = wrapper.cfbundle; includeInIndex = 0; path = RxSwift_Study_01Tests.xctest; sourceTree = BUILT_PRODUCTS_DIR; };
		47CAE5CC237EBABB00E74D07 /* RxSwift_Study_01Tests.swift */ = {isa = PBXFileReference; lastKnownFileType = sourcecode.swift; path = RxSwift_Study_01Tests.swift; sourceTree = "<group>"; };
		47CAE5CE237EBABB00E74D07 /* Info.plist */ = {isa = PBXFileReference; lastKnownFileType = text.plist.xml; path = Info.plist; sourceTree = "<group>"; };
		47CAE5D3237EBABB00E74D07 /* RxSwift_Study_01UITests.xctest */ = {isa = PBXFileReference; explicitFileType = wrapper.cfbundle; includeInIndex = 0; path = RxSwift_Study_01UITests.xctest; sourceTree = BUILT_PRODUCTS_DIR; };
		47CAE5D7237EBABB00E74D07 /* RxSwift_Study_01UITests.swift */ = {isa = PBXFileReference; lastKnownFileType = sourcecode.swift; path = RxSwift_Study_01UITests.swift; sourceTree = "<group>"; };
		47CAE5D9237EBABB00E74D07 /* Info.plist */ = {isa = PBXFileReference; lastKnownFileType = text.plist.xml; path = Info.plist; sourceTree = "<group>"; };
		4F8EE6EA998B4F0213DC9B5A /* Pods-RxSwift_Study_01-RxSwift_Study_01UITests.release.xcconfig */ = {isa = PBXFileReference; includeInIndex = 1; lastKnownFileType = text.xcconfig; name = "Pods-RxSwift_Study_01-RxSwift_Study_01UITests.release.xcconfig"; path = "Target Support Files/Pods-RxSwift_Study_01-RxSwift_Study_01UITests/Pods-RxSwift_Study_01-RxSwift_Study_01UITests.release.xcconfig"; sourceTree = "<group>"; };
		A97ABDE3656D1588167C622A /* Pods_RxSwift_Study_01_RxSwift_Study_01UITests.framework */ = {isa = PBXFileReference; explicitFileType = wrapper.framework; includeInIndex = 0; path = Pods_RxSwift_Study_01_RxSwift_Study_01UITests.framework; sourceTree = BUILT_PRODUCTS_DIR; };
		BACD3D21B01CE79B5B5D4DFD /* Pods-RxSwift_Study_01.release.xcconfig */ = {isa = PBXFileReference; includeInIndex = 1; lastKnownFileType = text.xcconfig; name = "Pods-RxSwift_Study_01.release.xcconfig"; path = "Target Support Files/Pods-RxSwift_Study_01/Pods-RxSwift_Study_01.release.xcconfig"; sourceTree = "<group>"; };
		D652F23ED057FC9A1F5AB37C /* Pods-RxSwift_Study_01-RxSwift_Study_01UITests.debug.xcconfig */ = {isa = PBXFileReference; includeInIndex = 1; lastKnownFileType = text.xcconfig; name = "Pods-RxSwift_Study_01-RxSwift_Study_01UITests.debug.xcconfig"; path = "Target Support Files/Pods-RxSwift_Study_01-RxSwift_Study_01UITests/Pods-RxSwift_Study_01-RxSwift_Study_01UITests.debug.xcconfig"; sourceTree = "<group>"; };
		E283222BE8E499E08A89A22B /* Pods-RxSwift_Study_01Tests.debug.xcconfig */ = {isa = PBXFileReference; includeInIndex = 1; lastKnownFileType = text.xcconfig; name = "Pods-RxSwift_Study_01Tests.debug.xcconfig"; path = "Target Support Files/Pods-RxSwift_Study_01Tests/Pods-RxSwift_Study_01Tests.debug.xcconfig"; sourceTree = "<group>"; };
/* End PBXFileReference section */

/* Begin PBXFrameworksBuildPhase section */
		47CAE5AF237EBAB900E74D07 /* Frameworks */ = {
			isa = PBXFrameworksBuildPhase;
			buildActionMask = 2147483647;
			files = (
				EA7652E3AA41F0C08E93A583 /* Pods_RxSwift_Study_01.framework in Frameworks */,
			);
			runOnlyForDeploymentPostprocessing = 0;
		};
		47CAE5C5237EBABB00E74D07 /* Frameworks */ = {
			isa = PBXFrameworksBuildPhase;
			buildActionMask = 2147483647;
			files = (
				52EFA4E0D3677221A53B2FEF /* Pods_RxSwift_Study_01Tests.framework in Frameworks */,
			);
			runOnlyForDeploymentPostprocessing = 0;
		};
		47CAE5D0237EBABB00E74D07 /* Frameworks */ = {
			isa = PBXFrameworksBuildPhase;
			buildActionMask = 2147483647;
			files = (
				D0C3EBCBB2E2C1783DAE6DE6 /* Pods_RxSwift_Study_01_RxSwift_Study_01UITests.framework in Frameworks */,
			);
			runOnlyForDeploymentPostprocessing = 0;
		};
/* End PBXFrameworksBuildPhase section */

/* Begin PBXGroup section */
		47CAE5A9237EBAB900E74D07 = {
			isa = PBXGroup;
			children = (
				47CAE5B4237EBAB900E74D07 /* RxSwift_Study_01 */,
				47CAE5CB237EBABB00E74D07 /* RxSwift_Study_01Tests */,
				47CAE5D6237EBABB00E74D07 /* RxSwift_Study_01UITests */,
				47CAE5B3237EBAB900E74D07 /* Products */,
				91370EC188DE2DDF2BAEA87B /* Pods */,
				9C5108E172F3487655B9DD87 /* Frameworks */,
			);
			sourceTree = "<group>";
		};
		47CAE5B3237EBAB900E74D07 /* Products */ = {
			isa = PBXGroup;
			children = (
				47CAE5B2237EBAB900E74D07 /* RxSwift_Study_01.app */,
				47CAE5C8237EBABB00E74D07 /* RxSwift_Study_01Tests.xctest */,
				47CAE5D3237EBABB00E74D07 /* RxSwift_Study_01UITests.xctest */,
			);
			name = Products;
			sourceTree = "<group>";
		};
		47CAE5B4237EBAB900E74D07 /* RxSwift_Study_01 */ = {
			isa = PBXGroup;
			children = (
				47CAE5B5237EBAB900E74D07 /* AppDelegate.swift */,
				47CAE5B7237EBAB900E74D07 /* SceneDelegate.swift */,
				47CAE5B9237EBAB900E74D07 /* ViewController.swift */,
				47CAE5BB237EBAB900E74D07 /* Main.storyboard */,
				47CAE5BE237EBABB00E74D07 /* Assets.xcassets */,
				47CAE5C0237EBABB00E74D07 /* LaunchScreen.storyboard */,
				47CAE5C3237EBABB00E74D07 /* Info.plist */,
			);
			path = RxSwift_Study_01;
			sourceTree = "<group>";
		};
		47CAE5CB237EBABB00E74D07 /* RxSwift_Study_01Tests */ = {
			isa = PBXGroup;
			children = (
				47CAE5CC237EBABB00E74D07 /* RxSwift_Study_01Tests.swift */,
				47CAE5CE237EBABB00E74D07 /* Info.plist */,
			);
			path = RxSwift_Study_01Tests;
			sourceTree = "<group>";
		};
		47CAE5D6237EBABB00E74D07 /* RxSwift_Study_01UITests */ = {
			isa = PBXGroup;
			children = (
				47CAE5D7237EBABB00E74D07 /* RxSwift_Study_01UITests.swift */,
				47CAE5D9237EBABB00E74D07 /* Info.plist */,
			);
			path = RxSwift_Study_01UITests;
			sourceTree = "<group>";
		};
		91370EC188DE2DDF2BAEA87B /* Pods */ = {
			isa = PBXGroup;
			children = (
				35AD12B2D0BE47F559B2C599 /* Pods-RxSwift_Study_01.debug.xcconfig */,
				BACD3D21B01CE79B5B5D4DFD /* Pods-RxSwift_Study_01.release.xcconfig */,
				D652F23ED057FC9A1F5AB37C /* Pods-RxSwift_Study_01-RxSwift_Study_01UITests.debug.xcconfig */,
				4F8EE6EA998B4F0213DC9B5A /* Pods-RxSwift_Study_01-RxSwift_Study_01UITests.release.xcconfig */,
				E283222BE8E499E08A89A22B /* Pods-RxSwift_Study_01Tests.debug.xcconfig */,
				16DB0FF11941A5BE0FF17ED4 /* Pods-RxSwift_Study_01Tests.release.xcconfig */,
			);
			name = Pods;
			path = Pods;
			sourceTree = "<group>";
		};
		9C5108E172F3487655B9DD87 /* Frameworks */ = {
			isa = PBXGroup;
			children = (
				0F71AF13C741C2D31FB46657 /* Pods_RxSwift_Study_01.framework */,
				A97ABDE3656D1588167C622A /* Pods_RxSwift_Study_01_RxSwift_Study_01UITests.framework */,
				1FD7E0906EFD8D406060B34C /* Pods_RxSwift_Study_01Tests.framework */,
			);
			name = Frameworks;
			sourceTree = "<group>";
		};
/* End PBXGroup section */

/* Begin PBXNativeTarget section */
		47CAE5B1237EBAB900E74D07 /* RxSwift_Study_01 */ = {
			isa = PBXNativeTarget;
			buildConfigurationList = 47CAE5DC237EBABB00E74D07 /* Build configuration list for PBXNativeTarget "RxSwift_Study_01" */;
			buildPhases = (
				77A4071F5C660D832A43D37D /* [CP] Check Pods Manifest.lock */,
				47CAE5AE237EBAB900E74D07 /* Sources */,
				47CAE5AF237EBAB900E74D07 /* Frameworks */,
				47CAE5B0237EBAB900E74D07 /* Resources */,
				520221077CAAA10513E8B0C2 /* [CP] Embed Pods Frameworks */,
			);
			buildRules = (
			);
			dependencies = (
			);
			name = RxSwift_Study_01;
			productName = RxSwift_Study_01;
			productReference = 47CAE5B2237EBAB900E74D07 /* RxSwift_Study_01.app */;
			productType = "com.apple.product-type.application";
		};
		47CAE5C7237EBABB00E74D07 /* RxSwift_Study_01Tests */ = {
			isa = PBXNativeTarget;
			buildConfigurationList = 47CAE5DF237EBABB00E74D07 /* Build configuration list for PBXNativeTarget "RxSwift_Study_01Tests" */;
			buildPhases = (
				D94BAA5D334925D0412CF571 /* [CP] Check Pods Manifest.lock */,
				47CAE5C4237EBABB00E74D07 /* Sources */,
				47CAE5C5237EBABB00E74D07 /* Frameworks */,
				47CAE5C6237EBABB00E74D07 /* Resources */,
			);
			buildRules = (
			);
			dependencies = (
				47CAE5CA237EBABB00E74D07 /* PBXTargetDependency */,
			);
			name = RxSwift_Study_01Tests;
			productName = RxSwift_Study_01Tests;
			productReference = 47CAE5C8237EBABB00E74D07 /* RxSwift_Study_01Tests.xctest */;
			productType = "com.apple.product-type.bundle.unit-test";
		};
		47CAE5D2237EBABB00E74D07 /* RxSwift_Study_01UITests */ = {
			isa = PBXNativeTarget;
			buildConfigurationList = 47CAE5E2237EBABB00E74D07 /* Build configuration list for PBXNativeTarget "RxSwift_Study_01UITests" */;
			buildPhases = (
				05AD257F0AE3AEA24BECBD62 /* [CP] Check Pods Manifest.lock */,
				47CAE5CF237EBABB00E74D07 /* Sources */,
				47CAE5D0237EBABB00E74D07 /* Frameworks */,
				47CAE5D1237EBABB00E74D07 /* Resources */,
				C47B041D45F8C27609D06CDA /* [CP] Embed Pods Frameworks */,
			);
			buildRules = (
			);
			dependencies = (
				47CAE5D5237EBABB00E74D07 /* PBXTargetDependency */,
			);
			name = RxSwift_Study_01UITests;
			productName = RxSwift_Study_01UITests;
			productReference = 47CAE5D3237EBABB00E74D07 /* RxSwift_Study_01UITests.xctest */;
			productType = "com.apple.product-type.bundle.ui-testing";
		};
/* End PBXNativeTarget section */

/* Begin PBXProject section */
		47CAE5AA237EBAB900E74D07 /* Project object */ = {
			isa = PBXProject;
			attributes = {
				LastSwiftUpdateCheck = 1100;
				LastUpgradeCheck = 1100;
				ORGANIZATIONNAME = DohyunKim;
				TargetAttributes = {
					47CAE5B1237EBAB900E74D07 = {
						CreatedOnToolsVersion = 11.0;
					};
					47CAE5C7237EBABB00E74D07 = {
						CreatedOnToolsVersion = 11.0;
						TestTargetID = 47CAE5B1237EBAB900E74D07;
					};
					47CAE5D2237EBABB00E74D07 = {
						CreatedOnToolsVersion = 11.0;
						TestTargetID = 47CAE5B1237EBAB900E74D07;
					};
				};
			};
			buildConfigurationList = 47CAE5AD237EBAB900E74D07 /* Build configuration list for PBXProject "RxSwift_Study_01" */;
			compatibilityVersion = "Xcode 9.3";
			developmentRegion = en;
			hasScannedForEncodings = 0;
			knownRegions = (
				en,
				Base,
			);
			mainGroup = 47CAE5A9237EBAB900E74D07;
			productRefGroup = 47CAE5B3237EBAB900E74D07 /* Products */;
			projectDirPath = "";
			projectRoot = "";
			targets = (
				47CAE5B1237EBAB900E74D07 /* RxSwift_Study_01 */,
				47CAE5C7237EBABB00E74D07 /* RxSwift_Study_01Tests */,
				47CAE5D2237EBABB00E74D07 /* RxSwift_Study_01UITests */,
			);
		};
/* End PBXProject section */

/* Begin PBXResourcesBuildPhase section */
		47CAE5B0237EBAB900E74D07 /* Resources */ = {
			isa = PBXResourcesBuildPhase;
			buildActionMask = 2147483647;
			files = (
				47CAE5C2237EBABB00E74D07 /* LaunchScreen.storyboard in Resources */,
				47CAE5BF237EBABB00E74D07 /* Assets.xcassets in Resources */,
				47CAE5BD237EBAB900E74D07 /* Main.storyboard in Resources */,
			);
			runOnlyForDeploymentPostprocessing = 0;
		};
		47CAE5C6237EBABB00E74D07 /* Resources */ = {
			isa = PBXResourcesBuildPhase;
			buildActionMask = 2147483647;
			files = (
			);
			runOnlyForDeploymentPostprocessing = 0;
		};
		47CAE5D1237EBABB00E74D07 /* Resources */ = {
			isa = PBXResourcesBuildPhase;
			buildActionMask = 2147483647;
			files = (
			);
			runOnlyForDeploymentPostprocessing = 0;
		};
/* End PBXResourcesBuildPhase section */

/* Begin PBXShellScriptBuildPhase section */
		05AD257F0AE3AEA24BECBD62 /* [CP] Check Pods Manifest.lock */ = {
			isa = PBXShellScriptBuildPhase;
			buildActionMask = 2147483647;
			files = (
			);
			inputFileListPaths = (
			);
			inputPaths = (
				"${PODS_PODFILE_DIR_PATH}/Podfile.lock",
				"${PODS_ROOT}/Manifest.lock",
			);
			name = "[CP] Check Pods Manifest.lock";
			outputFileListPaths = (
			);
			outputPaths = (
				"$(DERIVED_FILE_DIR)/Pods-RxSwift_Study_01-RxSwift_Study_01UITests-checkManifestLockResult.txt",
			);
			runOnlyForDeploymentPostprocessing = 0;
			shellPath = /bin/sh;
			shellScript = "diff \"${PODS_PODFILE_DIR_PATH}/Podfile.lock\" \"${PODS_ROOT}/Manifest.lock\" > /dev/null\nif [ $? != 0 ] ; then\n    # print error to STDERR\n    echo \"error: The sandbox is not in sync with the Podfile.lock. Run 'pod install' or update your CocoaPods installation.\" >&2\n    exit 1\nfi\n# This output is used by Xcode 'outputs' to avoid re-running this script phase.\necho \"SUCCESS\" > \"${SCRIPT_OUTPUT_FILE_0}\"\n";
			showEnvVarsInLog = 0;
		};
		520221077CAAA10513E8B0C2 /* [CP] Embed Pods Frameworks */ = {
			isa = PBXShellScriptBuildPhase;
			buildActionMask = 2147483647;
			files = (
			);
			inputFileListPaths = (
				"${PODS_ROOT}/Target Support Files/Pods-RxSwift_Study_01/Pods-RxSwift_Study_01-frameworks-${CONFIGURATION}-input-files.xcfilelist",
			);
			name = "[CP] Embed Pods Frameworks";
			outputFileListPaths = (
				"${PODS_ROOT}/Target Support Files/Pods-RxSwift_Study_01/Pods-RxSwift_Study_01-frameworks-${CONFIGURATION}-output-files.xcfilelist",
			);
			runOnlyForDeploymentPostprocessing = 0;
			shellPath = /bin/sh;
			shellScript = "\"${PODS_ROOT}/Target Support Files/Pods-RxSwift_Study_01/Pods-RxSwift_Study_01-frameworks.sh\"\n";
			showEnvVarsInLog = 0;
		};
		77A4071F5C660D832A43D37D /* [CP] Check Pods Manifest.lock */ = {
			isa = PBXShellScriptBuildPhase;
			buildActionMask = 2147483647;
			files = (
			);
			inputFileListPaths = (
			);
			inputPaths = (
				"${PODS_PODFILE_DIR_PATH}/Podfile.lock",
				"${PODS_ROOT}/Manifest.lock",
			);
			name = "[CP] Check Pods Manifest.lock";
			outputFileListPaths = (
			);
			outputPaths = (
				"$(DERIVED_FILE_DIR)/Pods-RxSwift_Study_01-checkManifestLockResult.txt",
			);
			runOnlyForDeploymentPostprocessing = 0;
			shellPath = /bin/sh;
			shellScript = "diff \"${PODS_PODFILE_DIR_PATH}/Podfile.lock\" \"${PODS_ROOT}/Manifest.lock\" > /dev/null\nif [ $? != 0 ] ; then\n    # print error to STDERR\n    echo \"error: The sandbox is not in sync with the Podfile.lock. Run 'pod install' or update your CocoaPods installation.\" >&2\n    exit 1\nfi\n# This output is used by Xcode 'outputs' to avoid re-running this script phase.\necho \"SUCCESS\" > \"${SCRIPT_OUTPUT_FILE_0}\"\n";
			showEnvVarsInLog = 0;
		};
		C47B041D45F8C27609D06CDA /* [CP] Embed Pods Frameworks */ = {
			isa = PBXShellScriptBuildPhase;
			buildActionMask = 2147483647;
			files = (
			);
			inputFileListPaths = (
				"${PODS_ROOT}/Target Support Files/Pods-RxSwift_Study_01-RxSwift_Study_01UITests/Pods-RxSwift_Study_01-RxSwift_Study_01UITests-frameworks-${CONFIGURATION}-input-files.xcfilelist",
			);
			name = "[CP] Embed Pods Frameworks";
			outputFileListPaths = (
				"${PODS_ROOT}/Target Support Files/Pods-RxSwift_Study_01-RxSwift_Study_01UITests/Pods-RxSwift_Study_01-RxSwift_Study_01UITests-frameworks-${CONFIGURATION}-output-files.xcfilelist",
			);
			runOnlyForDeploymentPostprocessing = 0;
			shellPath = /bin/sh;
			shellScript = "\"${PODS_ROOT}/Target Support Files/Pods-RxSwift_Study_01-RxSwift_Study_01UITests/Pods-RxSwift_Study_01-RxSwift_Study_01UITests-frameworks.sh\"\n";
			showEnvVarsInLog = 0;
		};
		D94BAA5D334925D0412CF571 /* [CP] Check Pods Manifest.lock */ = {
			isa = PBXShellScriptBuildPhase;
			buildActionMask = 2147483647;
			files = (
			);
			inputFileListPaths = (
			);
			inputPaths = (
				"${PODS_PODFILE_DIR_PATH}/Podfile.lock",
				"${PODS_ROOT}/Manifest.lock",
			);
			name = "[CP] Check Pods Manifest.lock";
			outputFileListPaths = (
			);
			outputPaths = (
				"$(DERIVED_FILE_DIR)/Pods-RxSwift_Study_01Tests-checkManifestLockResult.txt",
			);
			runOnlyForDeploymentPostprocessing = 0;
			shellPath = /bin/sh;
			shellScript = "diff \"${PODS_PODFILE_DIR_PATH}/Podfile.lock\" \"${PODS_ROOT}/Manifest.lock\" > /dev/null\nif [ $? != 0 ] ; then\n    # print error to STDERR\n    echo \"error: The sandbox is not in sync with the Podfile.lock. Run 'pod install' or update your CocoaPods installation.\" >&2\n    exit 1\nfi\n# This output is used by Xcode 'outputs' to avoid re-running this script phase.\necho \"SUCCESS\" > \"${SCRIPT_OUTPUT_FILE_0}\"\n";
			showEnvVarsInLog = 0;
		};
/* End PBXShellScriptBuildPhase section */

/* Begin PBXSourcesBuildPhase section */
		47CAE5AE237EBAB900E74D07 /* Sources */ = {
			isa = PBXSourcesBuildPhase;
			buildActionMask = 2147483647;
			files = (
				47CAE5BA237EBAB900E74D07 /* ViewController.swift in Sources */,
				47CAE5B6237EBAB900E74D07 /* AppDelegate.swift in Sources */,
				47CAE5B8237EBAB900E74D07 /* SceneDelegate.swift in Sources */,
			);
			runOnlyForDeploymentPostprocessing = 0;
		};
		47CAE5C4237EBABB00E74D07 /* Sources */ = {
			isa = PBXSourcesBuildPhase;
			buildActionMask = 2147483647;
			files = (
				47CAE5CD237EBABB00E74D07 /* RxSwift_Study_01Tests.swift in Sources */,
			);
			runOnlyForDeploymentPostprocessing = 0;
		};
		47CAE5CF237EBABB00E74D07 /* Sources */ = {
			isa = PBXSourcesBuildPhase;
			buildActionMask = 2147483647;
			files = (
				47CAE5D8237EBABB00E74D07 /* RxSwift_Study_01UITests.swift in Sources */,
			);
			runOnlyForDeploymentPostprocessing = 0;
		};
/* End PBXSourcesBuildPhase section */

/* Begin PBXTargetDependency section */
		47CAE5CA237EBABB00E74D07 /* PBXTargetDependency */ = {
			isa = PBXTargetDependency;
			target = 47CAE5B1237EBAB900E74D07 /* RxSwift_Study_01 */;
			targetProxy = 47CAE5C9237EBABB00E74D07 /* PBXContainerItemProxy */;
		};
		47CAE5D5237EBABB00E74D07 /* PBXTargetDependency */ = {
			isa = PBXTargetDependency;
			target = 47CAE5B1237EBAB900E74D07 /* RxSwift_Study_01 */;
			targetProxy = 47CAE5D4237EBABB00E74D07 /* PBXContainerItemProxy */;
		};
/* End PBXTargetDependency section */

/* Begin PBXVariantGroup section */
		47CAE5BB237EBAB900E74D07 /* Main.storyboard */ = {
			isa = PBXVariantGroup;
			children = (
				47CAE5BC237EBAB900E74D07 /* Base */,
			);
			name = Main.storyboard;
			sourceTree = "<group>";
		};
		47CAE5C0237EBABB00E74D07 /* LaunchScreen.storyboard */ = {
			isa = PBXVariantGroup;
			children = (
				47CAE5C1237EBABB00E74D07 /* Base */,
			);
			name = LaunchScreen.storyboard;
			sourceTree = "<group>";
		};
/* End PBXVariantGroup section */

/* Begin XCBuildConfiguration section */
		47CAE5DA237EBABB00E74D07 /* Debug */ = {
			isa = XCBuildConfiguration;
			buildSettings = {
				ALWAYS_SEARCH_USER_PATHS = NO;
				CLANG_ANALYZER_NONNULL = YES;
				CLANG_ANALYZER_NUMBER_OBJECT_CONVERSION = YES_AGGRESSIVE;
				CLANG_CXX_LANGUAGE_STANDARD = "gnu++14";
				CLANG_CXX_LIBRARY = "libc++";
				CLANG_ENABLE_MODULES = YES;
				CLANG_ENABLE_OBJC_ARC = YES;
				CLANG_ENABLE_OBJC_WEAK = YES;
				CLANG_WARN_BLOCK_CAPTURE_AUTORELEASING = YES;
				CLANG_WARN_BOOL_CONVERSION = YES;
				CLANG_WARN_COMMA = YES;
				CLANG_WARN_CONSTANT_CONVERSION = YES;
				CLANG_WARN_DEPRECATED_OBJC_IMPLEMENTATIONS = YES;
				CLANG_WARN_DIRECT_OBJC_ISA_USAGE = YES_ERROR;
				CLANG_WARN_DOCUMENTATION_COMMENTS = YES;
				CLANG_WARN_EMPTY_BODY = YES;
				CLANG_WARN_ENUM_CONVERSION = YES;
				CLANG_WARN_INFINITE_RECURSION = YES;
				CLANG_WARN_INT_CONVERSION = YES;
				CLANG_WARN_NON_LITERAL_NULL_CONVERSION = YES;
				CLANG_WARN_OBJC_IMPLICIT_RETAIN_SELF = YES;
				CLANG_WARN_OBJC_LITERAL_CONVERSION = YES;
				CLANG_WARN_OBJC_ROOT_CLASS = YES_ERROR;
				CLANG_WARN_RANGE_LOOP_ANALYSIS = YES;
				CLANG_WARN_STRICT_PROTOTYPES = YES;
				CLANG_WARN_SUSPICIOUS_MOVE = YES;
				CLANG_WARN_UNGUARDED_AVAILABILITY = YES_AGGRESSIVE;
				CLANG_WARN_UNREACHABLE_CODE = YES;
				CLANG_WARN__DUPLICATE_METHOD_MATCH = YES;
				COPY_PHASE_STRIP = NO;
				DEBUG_INFORMATION_FORMAT = dwarf;
				ENABLE_STRICT_OBJC_MSGSEND = YES;
				ENABLE_TESTABILITY = YES;
				GCC_C_LANGUAGE_STANDARD = gnu11;
				GCC_DYNAMIC_NO_PIC = NO;
				GCC_NO_COMMON_BLOCKS = YES;
				GCC_OPTIMIZATION_LEVEL = 0;
				GCC_PREPROCESSOR_DEFINITIONS = (
					"DEBUG=1",
					"$(inherited)",
				);
				GCC_WARN_64_TO_32_BIT_CONVERSION = YES;
				GCC_WARN_ABOUT_RETURN_TYPE = YES_ERROR;
				GCC_WARN_UNDECLARED_SELECTOR = YES;
				GCC_WARN_UNINITIALIZED_AUTOS = YES_AGGRESSIVE;
				GCC_WARN_UNUSED_FUNCTION = YES;
				GCC_WARN_UNUSED_VARIABLE = YES;
				IPHONEOS_DEPLOYMENT_TARGET = 13.0;
				MTL_ENABLE_DEBUG_INFO = INCLUDE_SOURCE;
				MTL_FAST_MATH = YES;
				ONLY_ACTIVE_ARCH = YES;
				SDKROOT = iphoneos;
				SWIFT_ACTIVE_COMPILATION_CONDITIONS = DEBUG;
				SWIFT_OPTIMIZATION_LEVEL = "-Onone";
			};
			name = Debug;
		};
		47CAE5DB237EBABB00E74D07 /* Release */ = {
			isa = XCBuildConfiguration;
			buildSettings = {
				ALWAYS_SEARCH_USER_PATHS = NO;
				CLANG_ANALYZER_NONNULL = YES;
				CLANG_ANALYZER_NUMBER_OBJECT_CONVERSION = YES_AGGRESSIVE;
				CLANG_CXX_LANGUAGE_STANDARD = "gnu++14";
				CLANG_CXX_LIBRARY = "libc++";
				CLANG_ENABLE_MODULES = YES;
				CLANG_ENABLE_OBJC_ARC = YES;
				CLANG_ENABLE_OBJC_WEAK = YES;
				CLANG_WARN_BLOCK_CAPTURE_AUTORELEASING = YES;
				CLANG_WARN_BOOL_CONVERSION = YES;
				CLANG_WARN_COMMA = YES;
				CLANG_WARN_CONSTANT_CONVERSION = YES;
				CLANG_WARN_DEPRECATED_OBJC_IMPLEMENTATIONS = YES;
				CLANG_WARN_DIRECT_OBJC_ISA_USAGE = YES_ERROR;
				CLANG_WARN_DOCUMENTATION_COMMENTS = YES;
				CLANG_WARN_EMPTY_BODY = YES;
				CLANG_WARN_ENUM_CONVERSION = YES;
				CLANG_WARN_INFINITE_RECURSION = YES;
				CLANG_WARN_INT_CONVERSION = YES;
				CLANG_WARN_NON_LITERAL_NULL_CONVERSION = YES;
				CLANG_WARN_OBJC_IMPLICIT_RETAIN_SELF = YES;
				CLANG_WARN_OBJC_LITERAL_CONVERSION = YES;
				CLANG_WARN_OBJC_ROOT_CLASS = YES_ERROR;
				CLANG_WARN_RANGE_LOOP_ANALYSIS = YES;
				CLANG_WARN_STRICT_PROTOTYPES = YES;
				CLANG_WARN_SUSPICIOUS_MOVE = YES;
				CLANG_WARN_UNGUARDED_AVAILABILITY = YES_AGGRESSIVE;
				CLANG_WARN_UNREACHABLE_CODE = YES;
				CLANG_WARN__DUPLICATE_METHOD_MATCH = YES;
				COPY_PHASE_STRIP = NO;
				DEBUG_INFORMATION_FORMAT = "dwarf-with-dsym";
				ENABLE_NS_ASSERTIONS = NO;
				ENABLE_STRICT_OBJC_MSGSEND = YES;
				GCC_C_LANGUAGE_STANDARD = gnu11;
				GCC_NO_COMMON_BLOCKS = YES;
				GCC_WARN_64_TO_32_BIT_CONVERSION = YES;
				GCC_WARN_ABOUT_RETURN_TYPE = YES_ERROR;
				GCC_WARN_UNDECLARED_SELECTOR = YES;
				GCC_WARN_UNINITIALIZED_AUTOS = YES_AGGRESSIVE;
				GCC_WARN_UNUSED_FUNCTION = YES;
				GCC_WARN_UNUSED_VARIABLE = YES;
				IPHONEOS_DEPLOYMENT_TARGET = 13.0;
				MTL_ENABLE_DEBUG_INFO = NO;
				MTL_FAST_MATH = YES;
				SDKROOT = iphoneos;
				SWIFT_COMPILATION_MODE = wholemodule;
				SWIFT_OPTIMIZATION_LEVEL = "-O";
				VALIDATE_PRODUCT = YES;
			};
			name = Release;
		};
		47CAE5DD237EBABB00E74D07 /* Debug */ = {
			isa = XCBuildConfiguration;
			baseConfigurationReference = 35AD12B2D0BE47F559B2C599 /* Pods-RxSwift_Study_01.debug.xcconfig */;
			buildSettings = {
				ASSETCATALOG_COMPILER_APPICON_NAME = AppIcon;
				CODE_SIGN_STYLE = Automatic;
				DEVELOPMENT_TEAM = VSX6758FTG;
				INFOPLIST_FILE = RxSwift_Study_01/Info.plist;
				LD_RUNPATH_SEARCH_PATHS = (
					"$(inherited)",
					"@executable_path/Frameworks",
				);
				PRODUCT_BUNDLE_IDENTIFIER = "DohyunKim.RxSwift-Study-01";
				PRODUCT_NAME = "$(TARGET_NAME)";
				SWIFT_VERSION = 5.0;
				TARGETED_DEVICE_FAMILY = "1,2";
			};
			name = Debug;
		};
		47CAE5DE237EBABB00E74D07 /* Release */ = {
			isa = XCBuildConfiguration;
			baseConfigurationReference = BACD3D21B01CE79B5B5D4DFD /* Pods-RxSwift_Study_01.release.xcconfig */;
			buildSettings = {
				ASSETCATALOG_COMPILER_APPICON_NAME = AppIcon;
				CODE_SIGN_STYLE = Automatic;
				DEVELOPMENT_TEAM = VSX6758FTG;
				INFOPLIST_FILE = RxSwift_Study_01/Info.plist;
				LD_RUNPATH_SEARCH_PATHS = (
					"$(inherited)",
					"@executable_path/Frameworks",
				);
				PRODUCT_BUNDLE_IDENTIFIER = "DohyunKim.RxSwift-Study-01";
				PRODUCT_NAME = "$(TARGET_NAME)";
				SWIFT_VERSION = 5.0;
				TARGETED_DEVICE_FAMILY = "1,2";
			};
			name = Release;
		};
		47CAE5E0237EBABB00E74D07 /* Debug */ = {
			isa = XCBuildConfiguration;
			baseConfigurationReference = E283222BE8E499E08A89A22B /* Pods-RxSwift_Study_01Tests.debug.xcconfig */;
			buildSettings = {
				ALWAYS_EMBED_SWIFT_STANDARD_LIBRARIES = YES;
				BUNDLE_LOADER = "$(TEST_HOST)";
				CODE_SIGN_STYLE = Automatic;
				DEVELOPMENT_TEAM = VSX6758FTG;
				INFOPLIST_FILE = RxSwift_Study_01Tests/Info.plist;
				IPHONEOS_DEPLOYMENT_TARGET = 13.0;
				LD_RUNPATH_SEARCH_PATHS = (
					"$(inherited)",
					"@executable_path/Frameworks",
					"@loader_path/Frameworks",
				);
				PRODUCT_BUNDLE_IDENTIFIER = "DohyunKim.RxSwift-Study-01Tests";
				PRODUCT_NAME = "$(TARGET_NAME)";
				SWIFT_VERSION = 5.0;
				TARGETED_DEVICE_FAMILY = "1,2";
				TEST_HOST = "$(BUILT_PRODUCTS_DIR)/RxSwift_Study_01.app/RxSwift_Study_01";
			};
			name = Debug;
		};
		47CAE5E1237EBABB00E74D07 /* Release */ = {
			isa = XCBuildConfiguration;
			baseConfigurationReference = 16DB0FF11941A5BE0FF17ED4 /* Pods-RxSwift_Study_01Tests.release.xcconfig */;
			buildSettings = {
				ALWAYS_EMBED_SWIFT_STANDARD_LIBRARIES = YES;
				BUNDLE_LOADER = "$(TEST_HOST)";
				CODE_SIGN_STYLE = Automatic;
				DEVELOPMENT_TEAM = VSX6758FTG;
				INFOPLIST_FILE = RxSwift_Study_01Tests/Info.plist;
				IPHONEOS_DEPLOYMENT_TARGET = 13.0;
				LD_RUNPATH_SEARCH_PATHS = (
					"$(inherited)",
					"@executable_path/Frameworks",
					"@loader_path/Frameworks",
				);
				PRODUCT_BUNDLE_IDENTIFIER = "DohyunKim.RxSwift-Study-01Tests";
				PRODUCT_NAME = "$(TARGET_NAME)";
				SWIFT_VERSION = 5.0;
				TARGETED_DEVICE_FAMILY = "1,2";
				TEST_HOST = "$(BUILT_PRODUCTS_DIR)/RxSwift_Study_01.app/RxSwift_Study_01";
			};
			name = Release;
		};
		47CAE5E3237EBABB00E74D07 /* Debug */ = {
			isa = XCBuildConfiguration;
			baseConfigurationReference = D652F23ED057FC9A1F5AB37C /* Pods-RxSwift_Study_01-RxSwift_Study_01UITests.debug.xcconfig */;
			buildSettings = {
				ALWAYS_EMBED_SWIFT_STANDARD_LIBRARIES = YES;
				CODE_SIGN_STYLE = Automatic;
				DEVELOPMENT_TEAM = VSX6758FTG;
				INFOPLIST_FILE = RxSwift_Study_01UITests/Info.plist;
				LD_RUNPATH_SEARCH_PATHS = (
					"$(inherited)",
					"@executable_path/Frameworks",
					"@loader_path/Frameworks",
				);
				PRODUCT_BUNDLE_IDENTIFIER = "DohyunKim.RxSwift-Study-01UITests";
				PRODUCT_NAME = "$(TARGET_NAME)";
				SWIFT_VERSION = 5.0;
				TARGETED_DEVICE_FAMILY = "1,2";
				TEST_TARGET_NAME = RxSwift_Study_01;
			};
			name = Debug;
		};
		47CAE5E4237EBABB00E74D07 /* Release */ = {
			isa = XCBuildConfiguration;
			baseConfigurationReference = 4F8EE6EA998B4F0213DC9B5A /* Pods-RxSwift_Study_01-RxSwift_Study_01UITests.release.xcconfig */;
			buildSettings = {
				ALWAYS_EMBED_SWIFT_STANDARD_LIBRARIES = YES;
				CODE_SIGN_STYLE = Automatic;
				DEVELOPMENT_TEAM = VSX6758FTG;
				INFOPLIST_FILE = RxSwift_Study_01UITests/Info.plist;
				LD_RUNPATH_SEARCH_PATHS = (
					"$(inherited)",
					"@executable_path/Frameworks",
					"@loader_path/Frameworks",
				);
				PRODUCT_BUNDLE_IDENTIFIER = "DohyunKim.RxSwift-Study-01UITests";
				PRODUCT_NAME = "$(TARGET_NAME)";
				SWIFT_VERSION = 5.0;
				TARGETED_DEVICE_FAMILY = "1,2";
				TEST_TARGET_NAME = RxSwift_Study_01;
			};
			name = Release;
		};
/* End XCBuildConfiguration section */

/* Begin XCConfigurationList section */
		47CAE5AD237EBAB900E74D07 /* Build configuration list for PBXProject "RxSwift_Study_01" */ = {
			isa = XCConfigurationList;
			buildConfigurations = (
				47CAE5DA237EBABB00E74D07 /* Debug */,
				47CAE5DB237EBABB00E74D07 /* Release */,
			);
			defaultConfigurationIsVisible = 0;
			defaultConfigurationName = Release;
		};
		47CAE5DC237EBABB00E74D07 /* Build configuration list for PBXNativeTarget "RxSwift_Study_01" */ = {
			isa = XCConfigurationList;
			buildConfigurations = (
				47CAE5DD237EBABB00E74D07 /* Debug */,
				47CAE5DE237EBABB00E74D07 /* Release */,
			);
			defaultConfigurationIsVisible = 0;
			defaultConfigurationName = Release;
		};
		47CAE5DF237EBABB00E74D07 /* Build configuration list for PBXNativeTarget "RxSwift_Study_01Tests" */ = {
			isa = XCConfigurationList;
			buildConfigurations = (
				47CAE5E0237EBABB00E74D07 /* Debug */,
				47CAE5E1237EBABB00E74D07 /* Release */,
			);
			defaultConfigurationIsVisible = 0;
			defaultConfigurationName = Release;
		};
		47CAE5E2237EBABB00E74D07 /* Build configuration list for PBXNativeTarget "RxSwift_Study_01UITests" */ = {
			isa = XCConfigurationList;
			buildConfigurations = (
				47CAE5E3237EBABB00E74D07 /* Debug */,
				47CAE5E4237EBABB00E74D07 /* Release */,
			);
			defaultConfigurationIsVisible = 0;
			defaultConfigurationName = Release;
		};
/* End XCConfigurationList section */
	};
	rootObject = 47CAE5AA237EBAB900E74D07 /* Project object */;
}
