// !$*UTF8*$!
{
	archiveVersion = 1;
	classes = {
	};
	objectVersion = 51;
	objects = {

/* Begin PBXBuildFile section */
		3B4B3E554E23E407493B99A4 /* Pods_Grammar_Study.framework in Frameworks */ = {isa = PBXBuildFile; fileRef = 1475433AFCAC8F507BBA47B1 /* Pods_Grammar_Study.framework */; };
		472107D324BC6A8F0066E1F0 /* AppDelegate.swift in Sources */ = {isa = PBXBuildFile; fileRef = 472107D224BC6A8F0066E1F0 /* AppDelegate.swift */; };
		472107D524BC6A8F0066E1F0 /* SceneDelegate.swift in Sources */ = {isa = PBXBuildFile; fileRef = 472107D424BC6A8F0066E1F0 /* SceneDelegate.swift */; };
		472107D724BC6A8F0066E1F0 /* ViewController.swift in Sources */ = {isa = PBXBuildFile; fileRef = 472107D624BC6A8F0066E1F0 /* ViewController.swift */; };
		472107DA24BC6A8F0066E1F0 /* Main.storyboard in Resources */ = {isa = PBXBuildFile; fileRef = 472107D824BC6A8F0066E1F0 /* Main.storyboard */; };
		472107DC24BC6A8F0066E1F0 /* Assets.xcassets in Resources */ = {isa = PBXBuildFile; fileRef = 472107DB24BC6A8F0066E1F0 /* Assets.xcassets */; };
		472107DF24BC6A8F0066E1F0 /* LaunchScreen.storyboard in Resources */ = {isa = PBXBuildFile; fileRef = 472107DD24BC6A8F0066E1F0 /* LaunchScreen.storyboard */; };
		472107E824BC6B270066E1F0 /* Hello.swift in Sources */ = {isa = PBXBuildFile; fileRef = 472107E724BC6B270066E1F0 /* Hello.swift */; };
		472107EA24BC6D850066E1F0 /* Observables.swift in Sources */ = {isa = PBXBuildFile; fileRef = 472107E924BC6D850066E1F0 /* Observables.swift */; };
		472107EC24BC756A0066E1F0 /* PublishSubject.swift in Sources */ = {isa = PBXBuildFile; fileRef = 472107EB24BC756A0066E1F0 /* PublishSubject.swift */; };
		472107EE24BC779E0066E1F0 /* just.swift in Sources */ = {isa = PBXBuildFile; fileRef = 472107ED24BC779E0066E1F0 /* just.swift */; };
/* End PBXBuildFile section */

/* Begin PBXFileReference section */
		1475433AFCAC8F507BBA47B1 /* Pods_Grammar_Study.framework */ = {isa = PBXFileReference; explicitFileType = wrapper.framework; includeInIndex = 0; path = Pods_Grammar_Study.framework; sourceTree = BUILT_PRODUCTS_DIR; };
		472107CF24BC6A8F0066E1F0 /* Grammar_Study.app */ = {isa = PBXFileReference; explicitFileType = wrapper.application; includeInIndex = 0; path = Grammar_Study.app; sourceTree = BUILT_PRODUCTS_DIR; };
		472107D224BC6A8F0066E1F0 /* AppDelegate.swift */ = {isa = PBXFileReference; lastKnownFileType = sourcecode.swift; path = AppDelegate.swift; sourceTree = "<group>"; };
		472107D424BC6A8F0066E1F0 /* SceneDelegate.swift */ = {isa = PBXFileReference; lastKnownFileType = sourcecode.swift; path = SceneDelegate.swift; sourceTree = "<group>"; };
		472107D624BC6A8F0066E1F0 /* ViewController.swift */ = {isa = PBXFileReference; lastKnownFileType = sourcecode.swift; path = ViewController.swift; sourceTree = "<group>"; };
		472107D924BC6A8F0066E1F0 /* Base */ = {isa = PBXFileReference; lastKnownFileType = file.storyboard; name = Base; path = Base.lproj/Main.storyboard; sourceTree = "<group>"; };
		472107DB24BC6A8F0066E1F0 /* Assets.xcassets */ = {isa = PBXFileReference; lastKnownFileType = folder.assetcatalog; path = Assets.xcassets; sourceTree = "<group>"; };
		472107DE24BC6A8F0066E1F0 /* Base */ = {isa = PBXFileReference; lastKnownFileType = file.storyboard; name = Base; path = Base.lproj/LaunchScreen.storyboard; sourceTree = "<group>"; };
		472107E024BC6A8F0066E1F0 /* Info.plist */ = {isa = PBXFileReference; lastKnownFileType = text.plist.xml; path = Info.plist; sourceTree = "<group>"; };
		472107E724BC6B270066E1F0 /* Hello.swift */ = {isa = PBXFileReference; lastKnownFileType = sourcecode.swift; path = Hello.swift; sourceTree = "<group>"; };
		472107E924BC6D850066E1F0 /* Observables.swift */ = {isa = PBXFileReference; lastKnownFileType = sourcecode.swift; path = Observables.swift; sourceTree = "<group>"; };
		472107EB24BC756A0066E1F0 /* PublishSubject.swift */ = {isa = PBXFileReference; lastKnownFileType = sourcecode.swift; path = PublishSubject.swift; sourceTree = "<group>"; };
		472107ED24BC779E0066E1F0 /* just.swift */ = {isa = PBXFileReference; lastKnownFileType = sourcecode.swift; path = just.swift; sourceTree = "<group>"; };
		5681C3DC1F6C20D96F1637F1 /* Pods-Grammar_Study.release.xcconfig */ = {isa = PBXFileReference; includeInIndex = 1; lastKnownFileType = text.xcconfig; name = "Pods-Grammar_Study.release.xcconfig"; path = "Target Support Files/Pods-Grammar_Study/Pods-Grammar_Study.release.xcconfig"; sourceTree = "<group>"; };
		AE3C82FC50DA600AA36E0E4C /* Pods-Grammar_Study.debug.xcconfig */ = {isa = PBXFileReference; includeInIndex = 1; lastKnownFileType = text.xcconfig; name = "Pods-Grammar_Study.debug.xcconfig"; path = "Target Support Files/Pods-Grammar_Study/Pods-Grammar_Study.debug.xcconfig"; sourceTree = "<group>"; };
/* End PBXFileReference section */

/* Begin PBXFrameworksBuildPhase section */
		472107CC24BC6A8E0066E1F0 /* Frameworks */ = {
			isa = PBXFrameworksBuildPhase;
			buildActionMask = 2147483647;
			files = (
				3B4B3E554E23E407493B99A4 /* Pods_Grammar_Study.framework in Frameworks */,
			);
			runOnlyForDeploymentPostprocessing = 0;
		};
/* End PBXFrameworksBuildPhase section */

/* Begin PBXGroup section */
		472107C624BC6A8E0066E1F0 = {
			isa = PBXGroup;
			children = (
				472107D124BC6A8F0066E1F0 /* Grammar_Study */,
				472107D024BC6A8F0066E1F0 /* Products */,
				6DCB668C1C423324BCEBE3EE /* Pods */,
				DAF9F140D9C0EE735917FD6F /* Frameworks */,
			);
			sourceTree = "<group>";
		};
		472107D024BC6A8F0066E1F0 /* Products */ = {
			isa = PBXGroup;
			children = (
				472107CF24BC6A8F0066E1F0 /* Grammar_Study.app */,
			);
			name = Products;
			sourceTree = "<group>";
		};
		472107D124BC6A8F0066E1F0 /* Grammar_Study */ = {
			isa = PBXGroup;
			children = (
				472107E624BC6B130066E1F0 /* Study */,
				472107D224BC6A8F0066E1F0 /* AppDelegate.swift */,
				472107D424BC6A8F0066E1F0 /* SceneDelegate.swift */,
				472107D624BC6A8F0066E1F0 /* ViewController.swift */,
				472107D824BC6A8F0066E1F0 /* Main.storyboard */,
				472107DB24BC6A8F0066E1F0 /* Assets.xcassets */,
				472107DD24BC6A8F0066E1F0 /* LaunchScreen.storyboard */,
				472107E024BC6A8F0066E1F0 /* Info.plist */,
			);
			path = Grammar_Study;
			sourceTree = "<group>";
		};
		472107E624BC6B130066E1F0 /* Study */ = {
			isa = PBXGroup;
			children = (
				472107E724BC6B270066E1F0 /* Hello.swift */,
				472107E924BC6D850066E1F0 /* Observables.swift */,
				472107EB24BC756A0066E1F0 /* PublishSubject.swift */,
				472107ED24BC779E0066E1F0 /* just.swift */,
			);
			path = Study;
			sourceTree = "<group>";
		};
		6DCB668C1C423324BCEBE3EE /* Pods */ = {
			isa = PBXGroup;
			children = (
				AE3C82FC50DA600AA36E0E4C /* Pods-Grammar_Study.debug.xcconfig */,
				5681C3DC1F6C20D96F1637F1 /* Pods-Grammar_Study.release.xcconfig */,
			);
			path = Pods;
			sourceTree = "<group>";
		};
		DAF9F140D9C0EE735917FD6F /* Frameworks */ = {
			isa = PBXGroup;
			children = (
				1475433AFCAC8F507BBA47B1 /* Pods_Grammar_Study.framework */,
			);
			name = Frameworks;
			sourceTree = "<group>";
		};
/* End PBXGroup section */

/* Begin PBXNativeTarget section */
		472107CE24BC6A8E0066E1F0 /* Grammar_Study */ = {
			isa = PBXNativeTarget;
			buildConfigurationList = 472107E324BC6A8F0066E1F0 /* Build configuration list for PBXNativeTarget "Grammar_Study" */;
			buildPhases = (
				D86FBA128596313FADE058EA /* [CP] Check Pods Manifest.lock */,
				472107CB24BC6A8E0066E1F0 /* Sources */,
				472107CC24BC6A8E0066E1F0 /* Frameworks */,
				472107CD24BC6A8E0066E1F0 /* Resources */,
				19AF64910B68C22A09904443 /* [CP] Embed Pods Frameworks */,
			);
			buildRules = (
			);
			dependencies = (
			);
			name = Grammar_Study;
			productName = Grammar_Study;
			productReference = 472107CF24BC6A8F0066E1F0 /* Grammar_Study.app */;
			productType = "com.apple.product-type.application";
		};
/* End PBXNativeTarget section */

/* Begin PBXProject section */
		472107C724BC6A8E0066E1F0 /* Project object */ = {
			isa = PBXProject;
			attributes = {
				LastSwiftUpdateCheck = 1150;
				LastUpgradeCheck = 1150;
				ORGANIZATIONNAME = DohyunKim;
				TargetAttributes = {
					472107CE24BC6A8E0066E1F0 = {
						CreatedOnToolsVersion = 11.5;
					};
				};
			};
			buildConfigurationList = 472107CA24BC6A8E0066E1F0 /* Build configuration list for PBXProject "Grammar_Study" */;
			compatibilityVersion = "Xcode 9.3";
			developmentRegion = en;
			hasScannedForEncodings = 0;
			knownRegions = (
				en,
				Base,
			);
			mainGroup = 472107C624BC6A8E0066E1F0;
			productRefGroup = 472107D024BC6A8F0066E1F0 /* Products */;
			projectDirPath = "";
			projectRoot = "";
			targets = (
				472107CE24BC6A8E0066E1F0 /* Grammar_Study */,
			);
		};
/* End PBXProject section */

/* Begin PBXResourcesBuildPhase section */
		472107CD24BC6A8E0066E1F0 /* Resources */ = {
			isa = PBXResourcesBuildPhase;
			buildActionMask = 2147483647;
			files = (
				472107DF24BC6A8F0066E1F0 /* LaunchScreen.storyboard in Resources */,
				472107DC24BC6A8F0066E1F0 /* Assets.xcassets in Resources */,
				472107DA24BC6A8F0066E1F0 /* Main.storyboard in Resources */,
			);
			runOnlyForDeploymentPostprocessing = 0;
		};
/* End PBXResourcesBuildPhase section */

/* Begin PBXShellScriptBuildPhase section */
		19AF64910B68C22A09904443 /* [CP] Embed Pods Frameworks */ = {
			isa = PBXShellScriptBuildPhase;
			buildActionMask = 2147483647;
			files = (
			);
			inputFileListPaths = (
				"${PODS_ROOT}/Target Support Files/Pods-Grammar_Study/Pods-Grammar_Study-frameworks-${CONFIGURATION}-input-files.xcfilelist",
			);
			name = "[CP] Embed Pods Frameworks";
			outputFileListPaths = (
				"${PODS_ROOT}/Target Support Files/Pods-Grammar_Study/Pods-Grammar_Study-frameworks-${CONFIGURATION}-output-files.xcfilelist",
			);
			runOnlyForDeploymentPostprocessing = 0;
			shellPath = /bin/sh;
			shellScript = "\"${PODS_ROOT}/Target Support Files/Pods-Grammar_Study/Pods-Grammar_Study-frameworks.sh\"\n";
			showEnvVarsInLog = 0;
		};
		D86FBA128596313FADE058EA /* [CP] Check Pods Manifest.lock */ = {
			isa = PBXShellScriptBuildPhase;
			buildActionMask = 2147483647;
			files = (
			);
			inputFileListPaths = (
			);
			inputPaths = (
				"${PODS_PODFILE_DIR_PATH}/Podfile.lock",
				"${PODS_ROOT}/Manifest.lock",
			);
			name = "[CP] Check Pods Manifest.lock";
			outputFileListPaths = (
			);
			outputPaths = (
				"$(DERIVED_FILE_DIR)/Pods-Grammar_Study-checkManifestLockResult.txt",
			);
			runOnlyForDeploymentPostprocessing = 0;
			shellPath = /bin/sh;
			shellScript = "diff \"${PODS_PODFILE_DIR_PATH}/Podfile.lock\" \"${PODS_ROOT}/Manifest.lock\" > /dev/null\nif [ $? != 0 ] ; then\n    # print error to STDERR\n    echo \"error: The sandbox is not in sync with the Podfile.lock. Run 'pod install' or update your CocoaPods installation.\" >&2\n    exit 1\nfi\n# This output is used by Xcode 'outputs' to avoid re-running this script phase.\necho \"SUCCESS\" > \"${SCRIPT_OUTPUT_FILE_0}\"\n";
			showEnvVarsInLog = 0;
		};
/* End PBXShellScriptBuildPhase section */

/* Begin PBXSourcesBuildPhase section */
		472107CB24BC6A8E0066E1F0 /* Sources */ = {
			isa = PBXSourcesBuildPhase;
			buildActionMask = 2147483647;
			files = (
				472107EA24BC6D850066E1F0 /* Observables.swift in Sources */,
				472107D724BC6A8F0066E1F0 /* ViewController.swift in Sources */,
				472107EC24BC756A0066E1F0 /* PublishSubject.swift in Sources */,
				472107EE24BC779E0066E1F0 /* just.swift in Sources */,
				472107D324BC6A8F0066E1F0 /* AppDelegate.swift in Sources */,
				472107E824BC6B270066E1F0 /* Hello.swift in Sources */,
				472107D524BC6A8F0066E1F0 /* SceneDelegate.swift in Sources */,
			);
			runOnlyForDeploymentPostprocessing = 0;
		};
/* End PBXSourcesBuildPhase section */

/* Begin PBXVariantGroup section */
		472107D824BC6A8F0066E1F0 /* Main.storyboard */ = {
			isa = PBXVariantGroup;
			children = (
				472107D924BC6A8F0066E1F0 /* Base */,
			);
			name = Main.storyboard;
			sourceTree = "<group>";
		};
		472107DD24BC6A8F0066E1F0 /* LaunchScreen.storyboard */ = {
			isa = PBXVariantGroup;
			children = (
				472107DE24BC6A8F0066E1F0 /* Base */,
			);
			name = LaunchScreen.storyboard;
			sourceTree = "<group>";
		};
/* End PBXVariantGroup section */

/* Begin XCBuildConfiguration section */
		472107E124BC6A8F0066E1F0 /* Debug */ = {
			isa = XCBuildConfiguration;
			buildSettings = {
				ALWAYS_SEARCH_USER_PATHS = NO;
				CLANG_ANALYZER_NONNULL = YES;
				CLANG_ANALYZER_NUMBER_OBJECT_CONVERSION = YES_AGGRESSIVE;
				CLANG_CXX_LANGUAGE_STANDARD = "gnu++14";
				CLANG_CXX_LIBRARY = "libc++";
				CLANG_ENABLE_MODULES = YES;
				CLANG_ENABLE_OBJC_ARC = YES;
				CLANG_ENABLE_OBJC_WEAK = YES;
				CLANG_WARN_BLOCK_CAPTURE_AUTORELEASING = YES;
				CLANG_WARN_BOOL_CONVERSION = YES;
				CLANG_WARN_COMMA = YES;
				CLANG_WARN_CONSTANT_CONVERSION = YES;
				CLANG_WARN_DEPRECATED_OBJC_IMPLEMENTATIONS = YES;
				CLANG_WARN_DIRECT_OBJC_ISA_USAGE = YES_ERROR;
				CLANG_WARN_DOCUMENTATION_COMMENTS = YES;
				CLANG_WARN_EMPTY_BODY = YES;
				CLANG_WARN_ENUM_CONVERSION = YES;
				CLANG_WARN_INFINITE_RECURSION = YES;
				CLANG_WARN_INT_CONVERSION = YES;
				CLANG_WARN_NON_LITERAL_NULL_CONVERSION = YES;
				CLANG_WARN_OBJC_IMPLICIT_RETAIN_SELF = YES;
				CLANG_WARN_OBJC_LITERAL_CONVERSION = YES;
				CLANG_WARN_OBJC_ROOT_CLASS = YES_ERROR;
				CLANG_WARN_RANGE_LOOP_ANALYSIS = YES;
				CLANG_WARN_STRICT_PROTOTYPES = YES;
				CLANG_WARN_SUSPICIOUS_MOVE = YES;
				CLANG_WARN_UNGUARDED_AVAILABILITY = YES_AGGRESSIVE;
				CLANG_WARN_UNREACHABLE_CODE = YES;
				CLANG_WARN__DUPLICATE_METHOD_MATCH = YES;
				COPY_PHASE_STRIP = NO;
				DEBUG_INFORMATION_FORMAT = dwarf;
				ENABLE_STRICT_OBJC_MSGSEND = YES;
				ENABLE_TESTABILITY = YES;
				GCC_C_LANGUAGE_STANDARD = gnu11;
				GCC_DYNAMIC_NO_PIC = NO;
				GCC_NO_COMMON_BLOCKS = YES;
				GCC_OPTIMIZATION_LEVEL = 0;
				GCC_PREPROCESSOR_DEFINITIONS = (
					"DEBUG=1",
					"$(inherited)",
				);
				GCC_WARN_64_TO_32_BIT_CONVERSION = YES;
				GCC_WARN_ABOUT_RETURN_TYPE = YES_ERROR;
				GCC_WARN_UNDECLARED_SELECTOR = YES;
				GCC_WARN_UNINITIALIZED_AUTOS = YES_AGGRESSIVE;
				GCC_WARN_UNUSED_FUNCTION = YES;
				GCC_WARN_UNUSED_VARIABLE = YES;
				IPHONEOS_DEPLOYMENT_TARGET = 13.5;
				MTL_ENABLE_DEBUG_INFO = INCLUDE_SOURCE;
				MTL_FAST_MATH = YES;
				ONLY_ACTIVE_ARCH = YES;
				SDKROOT = iphoneos;
				SWIFT_ACTIVE_COMPILATION_CONDITIONS = DEBUG;
				SWIFT_OPTIMIZATION_LEVEL = "-Onone";
			};
			name = Debug;
		};
		472107E224BC6A8F0066E1F0 /* Release */ = {
			isa = XCBuildConfiguration;
			buildSettings = {
				ALWAYS_SEARCH_USER_PATHS = NO;
				CLANG_ANALYZER_NONNULL = YES;
				CLANG_ANALYZER_NUMBER_OBJECT_CONVERSION = YES_AGGRESSIVE;
				CLANG_CXX_LANGUAGE_STANDARD = "gnu++14";
				CLANG_CXX_LIBRARY = "libc++";
				CLANG_ENABLE_MODULES = YES;
				CLANG_ENABLE_OBJC_ARC = YES;
				CLANG_ENABLE_OBJC_WEAK = YES;
				CLANG_WARN_BLOCK_CAPTURE_AUTORELEASING = YES;
				CLANG_WARN_BOOL_CONVERSION = YES;
				CLANG_WARN_COMMA = YES;
				CLANG_WARN_CONSTANT_CONVERSION = YES;
				CLANG_WARN_DEPRECATED_OBJC_IMPLEMENTATIONS = YES;
				CLANG_WARN_DIRECT_OBJC_ISA_USAGE = YES_ERROR;
				CLANG_WARN_DOCUMENTATION_COMMENTS = YES;
				CLANG_WARN_EMPTY_BODY = YES;
				CLANG_WARN_ENUM_CONVERSION = YES;
				CLANG_WARN_INFINITE_RECURSION = YES;
				CLANG_WARN_INT_CONVERSION = YES;
				CLANG_WARN_NON_LITERAL_NULL_CONVERSION = YES;
				CLANG_WARN_OBJC_IMPLICIT_RETAIN_SELF = YES;
				CLANG_WARN_OBJC_LITERAL_CONVERSION = YES;
				CLANG_WARN_OBJC_ROOT_CLASS = YES_ERROR;
				CLANG_WARN_RANGE_LOOP_ANALYSIS = YES;
				CLANG_WARN_STRICT_PROTOTYPES = YES;
				CLANG_WARN_SUSPICIOUS_MOVE = YES;
				CLANG_WARN_UNGUARDED_AVAILABILITY = YES_AGGRESSIVE;
				CLANG_WARN_UNREACHABLE_CODE = YES;
				CLANG_WARN__DUPLICATE_METHOD_MATCH = YES;
				COPY_PHASE_STRIP = NO;
				DEBUG_INFORMATION_FORMAT = "dwarf-with-dsym";
				ENABLE_NS_ASSERTIONS = NO;
				ENABLE_STRICT_OBJC_MSGSEND = YES;
				GCC_C_LANGUAGE_STANDARD = gnu11;
				GCC_NO_COMMON_BLOCKS = YES;
				GCC_WARN_64_TO_32_BIT_CONVERSION = YES;
				GCC_WARN_ABOUT_RETURN_TYPE = YES_ERROR;
				GCC_WARN_UNDECLARED_SELECTOR = YES;
				GCC_WARN_UNINITIALIZED_AUTOS = YES_AGGRESSIVE;
				GCC_WARN_UNUSED_FUNCTION = YES;
				GCC_WARN_UNUSED_VARIABLE = YES;
				IPHONEOS_DEPLOYMENT_TARGET = 13.5;
				MTL_ENABLE_DEBUG_INFO = NO;
				MTL_FAST_MATH = YES;
				SDKROOT = iphoneos;
				SWIFT_COMPILATION_MODE = wholemodule;
				SWIFT_OPTIMIZATION_LEVEL = "-O";
				VALIDATE_PRODUCT = YES;
			};
			name = Release;
		};
		472107E424BC6A8F0066E1F0 /* Debug */ = {
			isa = XCBuildConfiguration;
			baseConfigurationReference = AE3C82FC50DA600AA36E0E4C /* Pods-Grammar_Study.debug.xcconfig */;
			buildSettings = {
				ASSETCATALOG_COMPILER_APPICON_NAME = AppIcon;
				CODE_SIGN_STYLE = Automatic;
				DEVELOPMENT_TEAM = VSX6758FTG;
				INFOPLIST_FILE = Grammar_Study/Info.plist;
				LD_RUNPATH_SEARCH_PATHS = (
					"$(inherited)",
					"@executable_path/Frameworks",
				);
				PRODUCT_BUNDLE_IDENTIFIER = "DohyunKim.Grammar-Study";
				PRODUCT_NAME = "$(TARGET_NAME)";
				SWIFT_VERSION = 5.0;
				TARGETED_DEVICE_FAMILY = "1,2";
			};
			name = Debug;
		};
		472107E524BC6A8F0066E1F0 /* Release */ = {
			isa = XCBuildConfiguration;
			baseConfigurationReference = 5681C3DC1F6C20D96F1637F1 /* Pods-Grammar_Study.release.xcconfig */;
			buildSettings = {
				ASSETCATALOG_COMPILER_APPICON_NAME = AppIcon;
				CODE_SIGN_STYLE = Automatic;
				DEVELOPMENT_TEAM = VSX6758FTG;
				INFOPLIST_FILE = Grammar_Study/Info.plist;
				LD_RUNPATH_SEARCH_PATHS = (
					"$(inherited)",
					"@executable_path/Frameworks",
				);
				PRODUCT_BUNDLE_IDENTIFIER = "DohyunKim.Grammar-Study";
				PRODUCT_NAME = "$(TARGET_NAME)";
				SWIFT_VERSION = 5.0;
				TARGETED_DEVICE_FAMILY = "1,2";
			};
			name = Release;
		};
/* End XCBuildConfiguration section */

/* Begin XCConfigurationList section */
		472107CA24BC6A8E0066E1F0 /* Build configuration list for PBXProject "Grammar_Study" */ = {
			isa = XCConfigurationList;
			buildConfigurations = (
				472107E124BC6A8F0066E1F0 /* Debug */,
				472107E224BC6A8F0066E1F0 /* Release */,
			);
			defaultConfigurationIsVisible = 0;
			defaultConfigurationName = Release;
		};
		472107E324BC6A8F0066E1F0 /* Build configuration list for PBXNativeTarget "Grammar_Study" */ = {
			isa = XCConfigurationList;
			buildConfigurations = (
				472107E424BC6A8F0066E1F0 /* Debug */,
				472107E524BC6A8F0066E1F0 /* Release */,
			);
			defaultConfigurationIsVisible = 0;
			defaultConfigurationName = Release;
		};
/* End XCConfigurationList section */
	};
	rootObject = 472107C724BC6A8E0066E1F0 /* Project object */;
}
