// !$*UTF8*$!
{
	archiveVersion = 1;
	classes = {
	};
	objectVersion = 51;
	objects = {

/* Begin PBXBuildFile section */
		06CE1036A30147749AF0ADD4 /* Pods_Rx_Memo.framework in Frameworks */ = {isa = PBXBuildFile; fileRef = AE3B406DBE1DC7CA736ADA3A /* Pods_Rx_Memo.framework */; };
		4721082724BDE5720066E1F0 /* AppDelegate.swift in Sources */ = {isa = PBXBuildFile; fileRef = 4721082624BDE5720066E1F0 /* AppDelegate.swift */; };
		4721082924BDE5720066E1F0 /* SceneDelegate.swift in Sources */ = {isa = PBXBuildFile; fileRef = 4721082824BDE5720066E1F0 /* SceneDelegate.swift */; };
		4721082E24BDE5720066E1F0 /* Main.storyboard in Resources */ = {isa = PBXBuildFile; fileRef = 4721082C24BDE5720066E1F0 /* Main.storyboard */; };
		4721083124BDE5720066E1F0 /* Rx_Memo.xcdatamodeld in Sources */ = {isa = PBXBuildFile; fileRef = 4721082F24BDE5720066E1F0 /* Rx_Memo.xcdatamodeld */; };
		4721083324BDE5750066E1F0 /* Assets.xcassets in Resources */ = {isa = PBXBuildFile; fileRef = 4721083224BDE5750066E1F0 /* Assets.xcassets */; };
		4721083624BDE5750066E1F0 /* LaunchScreen.storyboard in Resources */ = {isa = PBXBuildFile; fileRef = 4721083424BDE5750066E1F0 /* LaunchScreen.storyboard */; };
		4721084324BDE8F90066E1F0 /* Memo.swift in Sources */ = {isa = PBXBuildFile; fileRef = 4721084224BDE8F90066E1F0 /* Memo.swift */; };
		4721084524BEBF1C0066E1F0 /* MemoStorageType.swift in Sources */ = {isa = PBXBuildFile; fileRef = 4721084424BEBF1C0066E1F0 /* MemoStorageType.swift */; };
		4721084924BEC07E0066E1F0 /* MemoryStorage.swift in Sources */ = {isa = PBXBuildFile; fileRef = 4721084824BEC07E0066E1F0 /* MemoryStorage.swift */; };
		4721084B24BF0F520066E1F0 /* MemoListViewController.swift in Sources */ = {isa = PBXBuildFile; fileRef = 4721084A24BF0F520066E1F0 /* MemoListViewController.swift */; };
		4721084D24BF0F830066E1F0 /* MemoDetailViewController.swift in Sources */ = {isa = PBXBuildFile; fileRef = 4721084C24BF0F830066E1F0 /* MemoDetailViewController.swift */; };
		4721084F24BF0FA60066E1F0 /* MemoComposeViewController.swift in Sources */ = {isa = PBXBuildFile; fileRef = 4721084E24BF0FA60066E1F0 /* MemoComposeViewController.swift */; };
		4721085124BF101E0066E1F0 /* MemoListViewModel.swift in Sources */ = {isa = PBXBuildFile; fileRef = 4721085024BF101E0066E1F0 /* MemoListViewModel.swift */; };
		4721085324BF10470066E1F0 /* MemoDetailViewModel.swift in Sources */ = {isa = PBXBuildFile; fileRef = 4721085224BF10470066E1F0 /* MemoDetailViewModel.swift */; };
		4721085524BF10700066E1F0 /* MemoComposeViewModel.swift in Sources */ = {isa = PBXBuildFile; fileRef = 4721085424BF10700066E1F0 /* MemoComposeViewModel.swift */; };
		4721085724BF10AF0066E1F0 /* ViewModelBindableType.swift in Sources */ = {isa = PBXBuildFile; fileRef = 4721085624BF10AF0066E1F0 /* ViewModelBindableType.swift */; };
		4721085924BFF3C30066E1F0 /* TransitionModel.swift in Sources */ = {isa = PBXBuildFile; fileRef = 4721085824BFF3C30066E1F0 /* TransitionModel.swift */; };
		4721085B24BFF4440066E1F0 /* Scene.swift in Sources */ = {isa = PBXBuildFile; fileRef = 4721085A24BFF4440066E1F0 /* Scene.swift */; };
		4721085D24BFF8930066E1F0 /* SceneCoordinatorType.swift in Sources */ = {isa = PBXBuildFile; fileRef = 4721085C24BFF8930066E1F0 /* SceneCoordinatorType.swift */; };
		4721085F24BFF9320066E1F0 /* SceneCoordinator.swift in Sources */ = {isa = PBXBuildFile; fileRef = 4721085E24BFF9320066E1F0 /* SceneCoordinator.swift */; };
		4721086124C17FD90066E1F0 /* CommonViewModel.swift in Sources */ = {isa = PBXBuildFile; fileRef = 4721086024C17FD90066E1F0 /* CommonViewModel.swift */; };
/* End PBXBuildFile section */

/* Begin PBXFileReference section */
		4721082324BDE5720066E1F0 /* Rx_Memo.app */ = {isa = PBXFileReference; explicitFileType = wrapper.application; includeInIndex = 0; path = Rx_Memo.app; sourceTree = BUILT_PRODUCTS_DIR; };
		4721082624BDE5720066E1F0 /* AppDelegate.swift */ = {isa = PBXFileReference; lastKnownFileType = sourcecode.swift; path = AppDelegate.swift; sourceTree = "<group>"; };
		4721082824BDE5720066E1F0 /* SceneDelegate.swift */ = {isa = PBXFileReference; lastKnownFileType = sourcecode.swift; path = SceneDelegate.swift; sourceTree = "<group>"; };
		4721082D24BDE5720066E1F0 /* Base */ = {isa = PBXFileReference; lastKnownFileType = file.storyboard; name = Base; path = Base.lproj/Main.storyboard; sourceTree = "<group>"; };
		4721083024BDE5720066E1F0 /* Rx_Memo.xcdatamodel */ = {isa = PBXFileReference; lastKnownFileType = wrapper.xcdatamodel; path = Rx_Memo.xcdatamodel; sourceTree = "<group>"; };
		4721083224BDE5750066E1F0 /* Assets.xcassets */ = {isa = PBXFileReference; lastKnownFileType = folder.assetcatalog; path = Assets.xcassets; sourceTree = "<group>"; };
		4721083524BDE5750066E1F0 /* Base */ = {isa = PBXFileReference; lastKnownFileType = file.storyboard; name = Base; path = Base.lproj/LaunchScreen.storyboard; sourceTree = "<group>"; };
		4721083724BDE5750066E1F0 /* Info.plist */ = {isa = PBXFileReference; lastKnownFileType = text.plist.xml; path = Info.plist; sourceTree = "<group>"; };
		4721084224BDE8F90066E1F0 /* Memo.swift */ = {isa = PBXFileReference; lastKnownFileType = sourcecode.swift; path = Memo.swift; sourceTree = "<group>"; };
		4721084424BEBF1C0066E1F0 /* MemoStorageType.swift */ = {isa = PBXFileReference; lastKnownFileType = sourcecode.swift; path = MemoStorageType.swift; sourceTree = "<group>"; };
		4721084824BEC07E0066E1F0 /* MemoryStorage.swift */ = {isa = PBXFileReference; lastKnownFileType = sourcecode.swift; path = MemoryStorage.swift; sourceTree = "<group>"; };
		4721084A24BF0F520066E1F0 /* MemoListViewController.swift */ = {isa = PBXFileReference; lastKnownFileType = sourcecode.swift; path = MemoListViewController.swift; sourceTree = "<group>"; };
		4721084C24BF0F830066E1F0 /* MemoDetailViewController.swift */ = {isa = PBXFileReference; lastKnownFileType = sourcecode.swift; path = MemoDetailViewController.swift; sourceTree = "<group>"; };
		4721084E24BF0FA60066E1F0 /* MemoComposeViewController.swift */ = {isa = PBXFileReference; lastKnownFileType = sourcecode.swift; path = MemoComposeViewController.swift; sourceTree = "<group>"; };
		4721085024BF101E0066E1F0 /* MemoListViewModel.swift */ = {isa = PBXFileReference; lastKnownFileType = sourcecode.swift; path = MemoListViewModel.swift; sourceTree = "<group>"; };
		4721085224BF10470066E1F0 /* MemoDetailViewModel.swift */ = {isa = PBXFileReference; lastKnownFileType = sourcecode.swift; path = MemoDetailViewModel.swift; sourceTree = "<group>"; };
		4721085424BF10700066E1F0 /* MemoComposeViewModel.swift */ = {isa = PBXFileReference; lastKnownFileType = sourcecode.swift; path = MemoComposeViewModel.swift; sourceTree = "<group>"; };
		4721085624BF10AF0066E1F0 /* ViewModelBindableType.swift */ = {isa = PBXFileReference; lastKnownFileType = sourcecode.swift; path = ViewModelBindableType.swift; sourceTree = "<group>"; };
		4721085824BFF3C30066E1F0 /* TransitionModel.swift */ = {isa = PBXFileReference; lastKnownFileType = sourcecode.swift; path = TransitionModel.swift; sourceTree = "<group>"; };
		4721085A24BFF4440066E1F0 /* Scene.swift */ = {isa = PBXFileReference; lastKnownFileType = sourcecode.swift; path = Scene.swift; sourceTree = "<group>"; };
		4721085C24BFF8930066E1F0 /* SceneCoordinatorType.swift */ = {isa = PBXFileReference; lastKnownFileType = sourcecode.swift; path = SceneCoordinatorType.swift; sourceTree = "<group>"; };
		4721085E24BFF9320066E1F0 /* SceneCoordinator.swift */ = {isa = PBXFileReference; lastKnownFileType = sourcecode.swift; path = SceneCoordinator.swift; sourceTree = "<group>"; };
		4721086024C17FD90066E1F0 /* CommonViewModel.swift */ = {isa = PBXFileReference; lastKnownFileType = sourcecode.swift; path = CommonViewModel.swift; sourceTree = "<group>"; };
		71E48C6A05A2E9FFDEB66E39 /* Pods-Rx_Memo.debug.xcconfig */ = {isa = PBXFileReference; includeInIndex = 1; lastKnownFileType = text.xcconfig; name = "Pods-Rx_Memo.debug.xcconfig"; path = "Target Support Files/Pods-Rx_Memo/Pods-Rx_Memo.debug.xcconfig"; sourceTree = "<group>"; };
		AE3B406DBE1DC7CA736ADA3A /* Pods_Rx_Memo.framework */ = {isa = PBXFileReference; explicitFileType = wrapper.framework; includeInIndex = 0; path = Pods_Rx_Memo.framework; sourceTree = BUILT_PRODUCTS_DIR; };
		B9541B3E617246CE0578E013 /* Pods-Rx_Memo.release.xcconfig */ = {isa = PBXFileReference; includeInIndex = 1; lastKnownFileType = text.xcconfig; name = "Pods-Rx_Memo.release.xcconfig"; path = "Target Support Files/Pods-Rx_Memo/Pods-Rx_Memo.release.xcconfig"; sourceTree = "<group>"; };
/* End PBXFileReference section */

/* Begin PBXFrameworksBuildPhase section */
		4721082024BDE5720066E1F0 /* Frameworks */ = {
			isa = PBXFrameworksBuildPhase;
			buildActionMask = 2147483647;
			files = (
				06CE1036A30147749AF0ADD4 /* Pods_Rx_Memo.framework in Frameworks */,
			);
			runOnlyForDeploymentPostprocessing = 0;
		};
/* End PBXFrameworksBuildPhase section */

/* Begin PBXGroup section */
		4721081A24BDE5720066E1F0 = {
			isa = PBXGroup;
			children = (
				4721082524BDE5720066E1F0 /* Rx_Memo */,
				4721082424BDE5720066E1F0 /* Products */,
				DF85F0FA0EE45091C963D56C /* Pods */,
				92F01106D47BA78360AFDFFC /* Frameworks */,
			);
			sourceTree = "<group>";
		};
		4721082424BDE5720066E1F0 /* Products */ = {
			isa = PBXGroup;
			children = (
				4721082324BDE5720066E1F0 /* Rx_Memo.app */,
			);
			name = Products;
			sourceTree = "<group>";
		};
		4721082524BDE5720066E1F0 /* Rx_Memo */ = {
			isa = PBXGroup;
			children = (
				4721084124BDE7FF0066E1F0 /* Scene */,
				4721084024BDE7EB0066E1F0 /* Service */,
				4721083F24BDE7D50066E1F0 /* ViewModel */,
				4721083E24BDE7C20066E1F0 /* ViewController */,
				4721083D24BDE7AE0066E1F0 /* Model */,
				4721082624BDE5720066E1F0 /* AppDelegate.swift */,
				4721082824BDE5720066E1F0 /* SceneDelegate.swift */,
				4721083224BDE5750066E1F0 /* Assets.xcassets */,
				4721083724BDE5750066E1F0 /* Info.plist */,
			);
			path = Rx_Memo;
			sourceTree = "<group>";
		};
		4721083D24BDE7AE0066E1F0 /* Model */ = {
			isa = PBXGroup;
			children = (
				4721084224BDE8F90066E1F0 /* Memo.swift */,
			);
			path = Model;
			sourceTree = "<group>";
		};
		4721083E24BDE7C20066E1F0 /* ViewController */ = {
			isa = PBXGroup;
			children = (
				4721082C24BDE5720066E1F0 /* Main.storyboard */,
				4721083424BDE5750066E1F0 /* LaunchScreen.storyboard */,
				4721084A24BF0F520066E1F0 /* MemoListViewController.swift */,
				4721084C24BF0F830066E1F0 /* MemoDetailViewController.swift */,
				4721084E24BF0FA60066E1F0 /* MemoComposeViewController.swift */,
				4721085624BF10AF0066E1F0 /* ViewModelBindableType.swift */,
			);
			path = ViewController;
			sourceTree = "<group>";
		};
		4721083F24BDE7D50066E1F0 /* ViewModel */ = {
			isa = PBXGroup;
			children = (
				4721085024BF101E0066E1F0 /* MemoListViewModel.swift */,
				4721085224BF10470066E1F0 /* MemoDetailViewModel.swift */,
				4721085424BF10700066E1F0 /* MemoComposeViewModel.swift */,
				4721086024C17FD90066E1F0 /* CommonViewModel.swift */,
			);
			path = ViewModel;
			sourceTree = "<group>";
		};
		4721084024BDE7EB0066E1F0 /* Service */ = {
			isa = PBXGroup;
			children = (
				4721084724BEC05A0066E1F0 /* CoreDataStorage */,
				4721084624BEC0430066E1F0 /* MemoryStorage */,
				4721084424BEBF1C0066E1F0 /* MemoStorageType.swift */,
			);
			path = Service;
			sourceTree = "<group>";
		};
		4721084124BDE7FF0066E1F0 /* Scene */ = {
			isa = PBXGroup;
			children = (
				4721085824BFF3C30066E1F0 /* TransitionModel.swift */,
				4721085A24BFF4440066E1F0 /* Scene.swift */,
				4721085C24BFF8930066E1F0 /* SceneCoordinatorType.swift */,
				4721085E24BFF9320066E1F0 /* SceneCoordinator.swift */,
			);
			path = Scene;
			sourceTree = "<group>";
		};
		4721084624BEC0430066E1F0 /* MemoryStorage */ = {
			isa = PBXGroup;
			children = (
				4721084824BEC07E0066E1F0 /* MemoryStorage.swift */,
			);
			path = MemoryStorage;
			sourceTree = "<group>";
		};
		4721084724BEC05A0066E1F0 /* CoreDataStorage */ = {
			isa = PBXGroup;
			children = (
				4721082F24BDE5720066E1F0 /* Rx_Memo.xcdatamodeld */,
			);
			path = CoreDataStorage;
			sourceTree = "<group>";
		};
		92F01106D47BA78360AFDFFC /* Frameworks */ = {
			isa = PBXGroup;
			children = (
				AE3B406DBE1DC7CA736ADA3A /* Pods_Rx_Memo.framework */,
			);
			name = Frameworks;
			sourceTree = "<group>";
		};
		DF85F0FA0EE45091C963D56C /* Pods */ = {
			isa = PBXGroup;
			children = (
				71E48C6A05A2E9FFDEB66E39 /* Pods-Rx_Memo.debug.xcconfig */,
				B9541B3E617246CE0578E013 /* Pods-Rx_Memo.release.xcconfig */,
			);
			path = Pods;
			sourceTree = "<group>";
		};
/* End PBXGroup section */

/* Begin PBXNativeTarget section */
		4721082224BDE5720066E1F0 /* Rx_Memo */ = {
			isa = PBXNativeTarget;
			buildConfigurationList = 4721083A24BDE5750066E1F0 /* Build configuration list for PBXNativeTarget "Rx_Memo" */;
			buildPhases = (
				38E754ACB18D915BCBE75982 /* [CP] Check Pods Manifest.lock */,
				4721081F24BDE5720066E1F0 /* Sources */,
				4721082024BDE5720066E1F0 /* Frameworks */,
				4721082124BDE5720066E1F0 /* Resources */,
				8548FE5BECDFFA671076740F /* [CP] Embed Pods Frameworks */,
			);
			buildRules = (
			);
			dependencies = (
			);
			name = Rx_Memo;
			productName = Rx_Memo;
			productReference = 4721082324BDE5720066E1F0 /* Rx_Memo.app */;
			productType = "com.apple.product-type.application";
		};
/* End PBXNativeTarget section */

/* Begin PBXProject section */
		4721081B24BDE5720066E1F0 /* Project object */ = {
			isa = PBXProject;
			attributes = {
				LastSwiftUpdateCheck = 1150;
				LastUpgradeCheck = 1150;
				ORGANIZATIONNAME = DohyunKim;
				TargetAttributes = {
					4721082224BDE5720066E1F0 = {
						CreatedOnToolsVersion = 11.5;
					};
				};
			};
			buildConfigurationList = 4721081E24BDE5720066E1F0 /* Build configuration list for PBXProject "Rx_Memo" */;
			compatibilityVersion = "Xcode 9.3";
			developmentRegion = en;
			hasScannedForEncodings = 0;
			knownRegions = (
				en,
				Base,
			);
			mainGroup = 4721081A24BDE5720066E1F0;
			productRefGroup = 4721082424BDE5720066E1F0 /* Products */;
			projectDirPath = "";
			projectRoot = "";
			targets = (
				4721082224BDE5720066E1F0 /* Rx_Memo */,
			);
		};
/* End PBXProject section */

/* Begin PBXResourcesBuildPhase section */
		4721082124BDE5720066E1F0 /* Resources */ = {
			isa = PBXResourcesBuildPhase;
			buildActionMask = 2147483647;
			files = (
				4721083624BDE5750066E1F0 /* LaunchScreen.storyboard in Resources */,
				4721083324BDE5750066E1F0 /* Assets.xcassets in Resources */,
				4721082E24BDE5720066E1F0 /* Main.storyboard in Resources */,
			);
			runOnlyForDeploymentPostprocessing = 0;
		};
/* End PBXResourcesBuildPhase section */

/* Begin PBXShellScriptBuildPhase section */
		38E754ACB18D915BCBE75982 /* [CP] Check Pods Manifest.lock */ = {
			isa = PBXShellScriptBuildPhase;
			buildActionMask = 2147483647;
			files = (
			);
			inputFileListPaths = (
			);
			inputPaths = (
				"${PODS_PODFILE_DIR_PATH}/Podfile.lock",
				"${PODS_ROOT}/Manifest.lock",
			);
			name = "[CP] Check Pods Manifest.lock";
			outputFileListPaths = (
			);
			outputPaths = (
				"$(DERIVED_FILE_DIR)/Pods-Rx_Memo-checkManifestLockResult.txt",
			);
			runOnlyForDeploymentPostprocessing = 0;
			shellPath = /bin/sh;
			shellScript = "diff \"${PODS_PODFILE_DIR_PATH}/Podfile.lock\" \"${PODS_ROOT}/Manifest.lock\" > /dev/null\nif [ $? != 0 ] ; then\n    # print error to STDERR\n    echo \"error: The sandbox is not in sync with the Podfile.lock. Run 'pod install' or update your CocoaPods installation.\" >&2\n    exit 1\nfi\n# This output is used by Xcode 'outputs' to avoid re-running this script phase.\necho \"SUCCESS\" > \"${SCRIPT_OUTPUT_FILE_0}\"\n";
			showEnvVarsInLog = 0;
		};
		8548FE5BECDFFA671076740F /* [CP] Embed Pods Frameworks */ = {
			isa = PBXShellScriptBuildPhase;
			buildActionMask = 2147483647;
			files = (
			);
			inputFileListPaths = (
				"${PODS_ROOT}/Target Support Files/Pods-Rx_Memo/Pods-Rx_Memo-frameworks-${CONFIGURATION}-input-files.xcfilelist",
			);
			name = "[CP] Embed Pods Frameworks";
			outputFileListPaths = (
				"${PODS_ROOT}/Target Support Files/Pods-Rx_Memo/Pods-Rx_Memo-frameworks-${CONFIGURATION}-output-files.xcfilelist",
			);
			runOnlyForDeploymentPostprocessing = 0;
			shellPath = /bin/sh;
			shellScript = "\"${PODS_ROOT}/Target Support Files/Pods-Rx_Memo/Pods-Rx_Memo-frameworks.sh\"\n";
			showEnvVarsInLog = 0;
		};
/* End PBXShellScriptBuildPhase section */

/* Begin PBXSourcesBuildPhase section */
		4721081F24BDE5720066E1F0 /* Sources */ = {
			isa = PBXSourcesBuildPhase;
			buildActionMask = 2147483647;
			files = (
				4721084924BEC07E0066E1F0 /* MemoryStorage.swift in Sources */,
				4721085524BF10700066E1F0 /* MemoComposeViewModel.swift in Sources */,
				4721085F24BFF9320066E1F0 /* SceneCoordinator.swift in Sources */,
				4721085B24BFF4440066E1F0 /* Scene.swift in Sources */,
				4721084D24BF0F830066E1F0 /* MemoDetailViewController.swift in Sources */,
				4721085724BF10AF0066E1F0 /* ViewModelBindableType.swift in Sources */,
				4721082724BDE5720066E1F0 /* AppDelegate.swift in Sources */,
				4721084524BEBF1C0066E1F0 /* MemoStorageType.swift in Sources */,
				4721082924BDE5720066E1F0 /* SceneDelegate.swift in Sources */,
				4721083124BDE5720066E1F0 /* Rx_Memo.xcdatamodeld in Sources */,
				4721085D24BFF8930066E1F0 /* SceneCoordinatorType.swift in Sources */,
				4721085124BF101E0066E1F0 /* MemoListViewModel.swift in Sources */,
				4721085324BF10470066E1F0 /* MemoDetailViewModel.swift in Sources */,
				4721086124C17FD90066E1F0 /* CommonViewModel.swift in Sources */,
				4721085924BFF3C30066E1F0 /* TransitionModel.swift in Sources */,
				4721084B24BF0F520066E1F0 /* MemoListViewController.swift in Sources */,
				4721084F24BF0FA60066E1F0 /* MemoComposeViewController.swift in Sources */,
				4721084324BDE8F90066E1F0 /* Memo.swift in Sources */,
			);
			runOnlyForDeploymentPostprocessing = 0;
		};
/* End PBXSourcesBuildPhase section */

/* Begin PBXVariantGroup section */
		4721082C24BDE5720066E1F0 /* Main.storyboard */ = {
			isa = PBXVariantGroup;
			children = (
				4721082D24BDE5720066E1F0 /* Base */,
			);
			name = Main.storyboard;
			sourceTree = "<group>";
		};
		4721083424BDE5750066E1F0 /* LaunchScreen.storyboard */ = {
			isa = PBXVariantGroup;
			children = (
				4721083524BDE5750066E1F0 /* Base */,
			);
			name = LaunchScreen.storyboard;
			sourceTree = "<group>";
		};
/* End PBXVariantGroup section */

/* Begin XCBuildConfiguration section */
		4721083824BDE5750066E1F0 /* Debug */ = {
			isa = XCBuildConfiguration;
			buildSettings = {
				ALWAYS_SEARCH_USER_PATHS = NO;
				CLANG_ANALYZER_NONNULL = YES;
				CLANG_ANALYZER_NUMBER_OBJECT_CONVERSION = YES_AGGRESSIVE;
				CLANG_CXX_LANGUAGE_STANDARD = "gnu++14";
				CLANG_CXX_LIBRARY = "libc++";
				CLANG_ENABLE_MODULES = YES;
				CLANG_ENABLE_OBJC_ARC = YES;
				CLANG_ENABLE_OBJC_WEAK = YES;
				CLANG_WARN_BLOCK_CAPTURE_AUTORELEASING = YES;
				CLANG_WARN_BOOL_CONVERSION = YES;
				CLANG_WARN_COMMA = YES;
				CLANG_WARN_CONSTANT_CONVERSION = YES;
				CLANG_WARN_DEPRECATED_OBJC_IMPLEMENTATIONS = YES;
				CLANG_WARN_DIRECT_OBJC_ISA_USAGE = YES_ERROR;
				CLANG_WARN_DOCUMENTATION_COMMENTS = YES;
				CLANG_WARN_EMPTY_BODY = YES;
				CLANG_WARN_ENUM_CONVERSION = YES;
				CLANG_WARN_INFINITE_RECURSION = YES;
				CLANG_WARN_INT_CONVERSION = YES;
				CLANG_WARN_NON_LITERAL_NULL_CONVERSION = YES;
				CLANG_WARN_OBJC_IMPLICIT_RETAIN_SELF = YES;
				CLANG_WARN_OBJC_LITERAL_CONVERSION = YES;
				CLANG_WARN_OBJC_ROOT_CLASS = YES_ERROR;
				CLANG_WARN_RANGE_LOOP_ANALYSIS = YES;
				CLANG_WARN_STRICT_PROTOTYPES = YES;
				CLANG_WARN_SUSPICIOUS_MOVE = YES;
				CLANG_WARN_UNGUARDED_AVAILABILITY = YES_AGGRESSIVE;
				CLANG_WARN_UNREACHABLE_CODE = YES;
				CLANG_WARN__DUPLICATE_METHOD_MATCH = YES;
				COPY_PHASE_STRIP = NO;
				DEBUG_INFORMATION_FORMAT = dwarf;
				ENABLE_STRICT_OBJC_MSGSEND = YES;
				ENABLE_TESTABILITY = YES;
				GCC_C_LANGUAGE_STANDARD = gnu11;
				GCC_DYNAMIC_NO_PIC = NO;
				GCC_NO_COMMON_BLOCKS = YES;
				GCC_OPTIMIZATION_LEVEL = 0;
				GCC_PREPROCESSOR_DEFINITIONS = (
					"DEBUG=1",
					"$(inherited)",
				);
				GCC_WARN_64_TO_32_BIT_CONVERSION = YES;
				GCC_WARN_ABOUT_RETURN_TYPE = YES_ERROR;
				GCC_WARN_UNDECLARED_SELECTOR = YES;
				GCC_WARN_UNINITIALIZED_AUTOS = YES_AGGRESSIVE;
				GCC_WARN_UNUSED_FUNCTION = YES;
				GCC_WARN_UNUSED_VARIABLE = YES;
				IPHONEOS_DEPLOYMENT_TARGET = 10.0;
				MTL_ENABLE_DEBUG_INFO = INCLUDE_SOURCE;
				MTL_FAST_MATH = YES;
				ONLY_ACTIVE_ARCH = YES;
				SDKROOT = iphoneos;
				SWIFT_ACTIVE_COMPILATION_CONDITIONS = DEBUG;
				SWIFT_OPTIMIZATION_LEVEL = "-Onone";
			};
			name = Debug;
		};
		4721083924BDE5750066E1F0 /* Release */ = {
			isa = XCBuildConfiguration;
			buildSettings = {
				ALWAYS_SEARCH_USER_PATHS = NO;
				CLANG_ANALYZER_NONNULL = YES;
				CLANG_ANALYZER_NUMBER_OBJECT_CONVERSION = YES_AGGRESSIVE;
				CLANG_CXX_LANGUAGE_STANDARD = "gnu++14";
				CLANG_CXX_LIBRARY = "libc++";
				CLANG_ENABLE_MODULES = YES;
				CLANG_ENABLE_OBJC_ARC = YES;
				CLANG_ENABLE_OBJC_WEAK = YES;
				CLANG_WARN_BLOCK_CAPTURE_AUTORELEASING = YES;
				CLANG_WARN_BOOL_CONVERSION = YES;
				CLANG_WARN_COMMA = YES;
				CLANG_WARN_CONSTANT_CONVERSION = YES;
				CLANG_WARN_DEPRECATED_OBJC_IMPLEMENTATIONS = YES;
				CLANG_WARN_DIRECT_OBJC_ISA_USAGE = YES_ERROR;
				CLANG_WARN_DOCUMENTATION_COMMENTS = YES;
				CLANG_WARN_EMPTY_BODY = YES;
				CLANG_WARN_ENUM_CONVERSION = YES;
				CLANG_WARN_INFINITE_RECURSION = YES;
				CLANG_WARN_INT_CONVERSION = YES;
				CLANG_WARN_NON_LITERAL_NULL_CONVERSION = YES;
				CLANG_WARN_OBJC_IMPLICIT_RETAIN_SELF = YES;
				CLANG_WARN_OBJC_LITERAL_CONVERSION = YES;
				CLANG_WARN_OBJC_ROOT_CLASS = YES_ERROR;
				CLANG_WARN_RANGE_LOOP_ANALYSIS = YES;
				CLANG_WARN_STRICT_PROTOTYPES = YES;
				CLANG_WARN_SUSPICIOUS_MOVE = YES;
				CLANG_WARN_UNGUARDED_AVAILABILITY = YES_AGGRESSIVE;
				CLANG_WARN_UNREACHABLE_CODE = YES;
				CLANG_WARN__DUPLICATE_METHOD_MATCH = YES;
				COPY_PHASE_STRIP = NO;
				DEBUG_INFORMATION_FORMAT = "dwarf-with-dsym";
				ENABLE_NS_ASSERTIONS = NO;
				ENABLE_STRICT_OBJC_MSGSEND = YES;
				GCC_C_LANGUAGE_STANDARD = gnu11;
				GCC_NO_COMMON_BLOCKS = YES;
				GCC_WARN_64_TO_32_BIT_CONVERSION = YES;
				GCC_WARN_ABOUT_RETURN_TYPE = YES_ERROR;
				GCC_WARN_UNDECLARED_SELECTOR = YES;
				GCC_WARN_UNINITIALIZED_AUTOS = YES_AGGRESSIVE;
				GCC_WARN_UNUSED_FUNCTION = YES;
				GCC_WARN_UNUSED_VARIABLE = YES;
				IPHONEOS_DEPLOYMENT_TARGET = 10.0;
				MTL_ENABLE_DEBUG_INFO = NO;
				MTL_FAST_MATH = YES;
				SDKROOT = iphoneos;
				SWIFT_COMPILATION_MODE = wholemodule;
				SWIFT_OPTIMIZATION_LEVEL = "-O";
				VALIDATE_PRODUCT = YES;
			};
			name = Release;
		};
		4721083B24BDE5750066E1F0 /* Debug */ = {
			isa = XCBuildConfiguration;
			baseConfigurationReference = 71E48C6A05A2E9FFDEB66E39 /* Pods-Rx_Memo.debug.xcconfig */;
			buildSettings = {
				ASSETCATALOG_COMPILER_APPICON_NAME = AppIcon;
				CODE_SIGN_STYLE = Automatic;
				DEVELOPMENT_TEAM = VSX6758FTG;
				INFOPLIST_FILE = Rx_Memo/Info.plist;
				LD_RUNPATH_SEARCH_PATHS = (
					"$(inherited)",
					"@executable_path/Frameworks",
				);
				PRODUCT_BUNDLE_IDENTIFIER = "DohyunKim.Rx-Memo";
				PRODUCT_NAME = "$(TARGET_NAME)";
				SWIFT_VERSION = 5.0;
				TARGETED_DEVICE_FAMILY = "1,2";
			};
			name = Debug;
		};
		4721083C24BDE5750066E1F0 /* Release */ = {
			isa = XCBuildConfiguration;
			baseConfigurationReference = B9541B3E617246CE0578E013 /* Pods-Rx_Memo.release.xcconfig */;
			buildSettings = {
				ASSETCATALOG_COMPILER_APPICON_NAME = AppIcon;
				CODE_SIGN_STYLE = Automatic;
				DEVELOPMENT_TEAM = VSX6758FTG;
				INFOPLIST_FILE = Rx_Memo/Info.plist;
				LD_RUNPATH_SEARCH_PATHS = (
					"$(inherited)",
					"@executable_path/Frameworks",
				);
				PRODUCT_BUNDLE_IDENTIFIER = "DohyunKim.Rx-Memo";
				PRODUCT_NAME = "$(TARGET_NAME)";
				SWIFT_VERSION = 5.0;
				TARGETED_DEVICE_FAMILY = "1,2";
			};
			name = Release;
		};
/* End XCBuildConfiguration section */

/* Begin XCConfigurationList section */
		4721081E24BDE5720066E1F0 /* Build configuration list for PBXProject "Rx_Memo" */ = {
			isa = XCConfigurationList;
			buildConfigurations = (
				4721083824BDE5750066E1F0 /* Debug */,
				4721083924BDE5750066E1F0 /* Release */,
			);
			defaultConfigurationIsVisible = 0;
			defaultConfigurationName = Release;
		};
		4721083A24BDE5750066E1F0 /* Build configuration list for PBXNativeTarget "Rx_Memo" */ = {
			isa = XCConfigurationList;
			buildConfigurations = (
				4721083B24BDE5750066E1F0 /* Debug */,
				4721083C24BDE5750066E1F0 /* Release */,
			);
			defaultConfigurationIsVisible = 0;
			defaultConfigurationName = Release;
		};
/* End XCConfigurationList section */

/* Begin XCVersionGroup section */
		4721082F24BDE5720066E1F0 /* Rx_Memo.xcdatamodeld */ = {
			isa = XCVersionGroup;
			children = (
				4721083024BDE5720066E1F0 /* Rx_Memo.xcdatamodel */,
			);
			currentVersion = 4721083024BDE5720066E1F0 /* Rx_Memo.xcdatamodel */;
			path = Rx_Memo.xcdatamodeld;
			sourceTree = "<group>";
			versionGroupType = wrapper.xcdatamodel;
		};
/* End XCVersionGroup section */
	};
	rootObject = 4721081B24BDE5720066E1F0 /* Project object */;
}
